// !$*UTF8*$!
{
	archiveVersion = 1;
	classes = {
	};
	objectVersion = 50;
	objects = {

/* Begin PBXBuildFile section */
		6C2409152212ED24001C1A84 /* RxAtomic.framework in Frameworks */ = {isa = PBXBuildFile; fileRef = 6C2409142212ED24001C1A84 /* RxAtomic.framework */; };
		6C2409162212ED29001C1A84 /* RxAtomic.framework in Embed Frameworks */ = {isa = PBXBuildFile; fileRef = 6C2409142212ED24001C1A84 /* RxAtomic.framework */; settings = {ATTRIBUTES = (CodeSignOnCopy, RemoveHeadersOnCopy, ); }; };
		6C32C6BB2204664C006615C3 /* PolarBleSdk.framework in Frameworks */ = {isa = PBXBuildFile; fileRef = 6C32C6B92204664C006615C3 /* PolarBleSdk.framework */; };
		6C32C6BC2204664C006615C3 /* RxSwift.framework in Frameworks */ = {isa = PBXBuildFile; fileRef = 6C32C6BA2204664C006615C3 /* RxSwift.framework */; };
		6C32C6BD22046653006615C3 /* PolarBleSdk.framework in Embed Frameworks */ = {isa = PBXBuildFile; fileRef = 6C32C6B92204664C006615C3 /* PolarBleSdk.framework */; settings = {ATTRIBUTES = (CodeSignOnCopy, RemoveHeadersOnCopy, ); }; };
		6C32C6BE22046653006615C3 /* RxSwift.framework in Embed Frameworks */ = {isa = PBXBuildFile; fileRef = 6C32C6BA2204664C006615C3 /* RxSwift.framework */; settings = {ATTRIBUTES = (CodeSignOnCopy, RemoveHeadersOnCopy, ); }; };
		E30BE8D521A82D9B0006AEB4 /* AppDelegate.swift in Sources */ = {isa = PBXBuildFile; fileRef = E30BE8D421A82D9B0006AEB4 /* AppDelegate.swift */; };
		E30BE8D721A82D9B0006AEB4 /* ViewController.swift in Sources */ = {isa = PBXBuildFile; fileRef = E30BE8D621A82D9B0006AEB4 /* ViewController.swift */; };
		E30BE8DA21A82D9B0006AEB4 /* Main.storyboard in Resources */ = {isa = PBXBuildFile; fileRef = E30BE8D821A82D9B0006AEB4 /* Main.storyboard */; };
		E30BE8DC21A82D9C0006AEB4 /* Assets.xcassets in Resources */ = {isa = PBXBuildFile; fileRef = E30BE8DB21A82D9C0006AEB4 /* Assets.xcassets */; };
		E30BE8DF21A82D9C0006AEB4 /* LaunchScreen.storyboard in Resources */ = {isa = PBXBuildFile; fileRef = E30BE8DD21A82D9C0006AEB4 /* LaunchScreen.storyboard */; };
		E30BE8EE21A834DD0006AEB4 /* PolarCollectionViewCell.swift in Sources */ = {isa = PBXBuildFile; fileRef = E30BE8ED21A834DD0006AEB4 /* PolarCollectionViewCell.swift */; };
/* End PBXBuildFile section */

/* Begin PBXCopyFilesBuildPhase section */
		E30BE8EC21A82E1A0006AEB4 /* Embed Frameworks */ = {
			isa = PBXCopyFilesBuildPhase;
			buildActionMask = 2147483647;
			dstPath = "";
			dstSubfolderSpec = 10;
			files = (
				6C2409162212ED29001C1A84 /* RxAtomic.framework in Embed Frameworks */,
				6C32C6BD22046653006615C3 /* PolarBleSdk.framework in Embed Frameworks */,
				6C32C6BE22046653006615C3 /* RxSwift.framework in Embed Frameworks */,
			);
			name = "Embed Frameworks";
			runOnlyForDeploymentPostprocessing = 0;
		};
/* End PBXCopyFilesBuildPhase section */

/* Begin PBXFileReference section */
		6C2409142212ED24001C1A84 /* RxAtomic.framework */ = {isa = PBXFileReference; lastKnownFileType = wrapper.framework; name = RxAtomic.framework; path = "../../../polar-sdk-ios/RxAtomic.framework"; sourceTree = "<group>"; };
		6C32C6B92204664C006615C3 /* PolarBleSdk.framework */ = {isa = PBXFileReference; lastKnownFileType = wrapper.framework; name = PolarBleSdk.framework; path = "../../../polar-sdk-ios/PolarBleSdk.framework"; sourceTree = "<group>"; };
		6C32C6BA2204664C006615C3 /* RxSwift.framework */ = {isa = PBXFileReference; lastKnownFileType = wrapper.framework; name = RxSwift.framework; path = "../../../polar-sdk-ios/RxSwift.framework"; sourceTree = "<group>"; };
		E30BE8D121A82D9B0006AEB4 /* PolarSDK-Broadcast-Demo.app */ = {isa = PBXFileReference; explicitFileType = wrapper.application; includeInIndex = 0; path = "PolarSDK-Broadcast-Demo.app"; sourceTree = BUILT_PRODUCTS_DIR; };
		E30BE8D421A82D9B0006AEB4 /* AppDelegate.swift */ = {isa = PBXFileReference; lastKnownFileType = sourcecode.swift; path = AppDelegate.swift; sourceTree = "<group>"; };
		E30BE8D621A82D9B0006AEB4 /* ViewController.swift */ = {isa = PBXFileReference; lastKnownFileType = sourcecode.swift; path = ViewController.swift; sourceTree = "<group>"; };
		E30BE8D921A82D9B0006AEB4 /* Base */ = {isa = PBXFileReference; lastKnownFileType = file.storyboard; name = Base; path = Base.lproj/Main.storyboard; sourceTree = "<group>"; };
		E30BE8DB21A82D9C0006AEB4 /* Assets.xcassets */ = {isa = PBXFileReference; lastKnownFileType = folder.assetcatalog; path = Assets.xcassets; sourceTree = "<group>"; };
		E30BE8DE21A82D9C0006AEB4 /* Base */ = {isa = PBXFileReference; lastKnownFileType = file.storyboard; name = Base; path = Base.lproj/LaunchScreen.storyboard; sourceTree = "<group>"; };
		E30BE8E021A82D9C0006AEB4 /* Info.plist */ = {isa = PBXFileReference; lastKnownFileType = text.plist.xml; path = Info.plist; sourceTree = "<group>"; };
		E30BE8ED21A834DD0006AEB4 /* PolarCollectionViewCell.swift */ = {isa = PBXFileReference; lastKnownFileType = sourcecode.swift; path = PolarCollectionViewCell.swift; sourceTree = "<group>"; };
/* End PBXFileReference section */

/* Begin PBXFrameworksBuildPhase section */
		E30BE8CE21A82D9B0006AEB4 /* Frameworks */ = {
			isa = PBXFrameworksBuildPhase;
			buildActionMask = 2147483647;
			files = (
				6C2409152212ED24001C1A84 /* RxAtomic.framework in Frameworks */,
				6C32C6BB2204664C006615C3 /* PolarBleSdk.framework in Frameworks */,
				6C32C6BC2204664C006615C3 /* RxSwift.framework in Frameworks */,
			);
			runOnlyForDeploymentPostprocessing = 0;
		};
/* End PBXFrameworksBuildPhase section */

/* Begin PBXGroup section */
		6C32C6B82204664C006615C3 /* Frameworks */ = {
			isa = PBXGroup;
			children = (
				6C2409142212ED24001C1A84 /* RxAtomic.framework */,
				6C32C6B92204664C006615C3 /* PolarBleSdk.framework */,
				6C32C6BA2204664C006615C3 /* RxSwift.framework */,
			);
			name = Frameworks;
			sourceTree = "<group>";
		};
		E30BE8C821A82D9B0006AEB4 = {
			isa = PBXGroup;
			children = (
				E30BE8D321A82D9B0006AEB4 /* PolarSDK-Broadcast-Demo */,
				E30BE8D221A82D9B0006AEB4 /* Products */,
				6C32C6B82204664C006615C3 /* Frameworks */,
			);
			sourceTree = "<group>";
		};
		E30BE8D221A82D9B0006AEB4 /* Products */ = {
			isa = PBXGroup;
			children = (
				E30BE8D121A82D9B0006AEB4 /* PolarSDK-Broadcast-Demo.app */,
			);
			name = Products;
			sourceTree = "<group>";
		};
		E30BE8D321A82D9B0006AEB4 /* PolarSDK-Broadcast-Demo */ = {
			isa = PBXGroup;
			children = (
				E30BE8D421A82D9B0006AEB4 /* AppDelegate.swift */,
				E30BE8D621A82D9B0006AEB4 /* ViewController.swift */,
				E30BE8ED21A834DD0006AEB4 /* PolarCollectionViewCell.swift */,
				E30BE8D821A82D9B0006AEB4 /* Main.storyboard */,
				E30BE8DB21A82D9C0006AEB4 /* Assets.xcassets */,
				E30BE8DD21A82D9C0006AEB4 /* LaunchScreen.storyboard */,
				E30BE8E021A82D9C0006AEB4 /* Info.plist */,
			);
			path = "PolarSDK-Broadcast-Demo";
			sourceTree = "<group>";
		};
/* End PBXGroup section */

/* Begin PBXNativeTarget section */
		E30BE8D021A82D9B0006AEB4 /* PolarSDK-Broadcast-Demo */ = {
			isa = PBXNativeTarget;
			buildConfigurationList = E30BE8E321A82D9C0006AEB4 /* Build configuration list for PBXNativeTarget "PolarSDK-Broadcast-Demo" */;
			buildPhases = (
				E30BE8CD21A82D9B0006AEB4 /* Sources */,
				E30BE8CE21A82D9B0006AEB4 /* Frameworks */,
				E30BE8CF21A82D9B0006AEB4 /* Resources */,
				E30BE8EC21A82E1A0006AEB4 /* Embed Frameworks */,
			);
			buildRules = (
			);
			dependencies = (
			);
			name = "PolarSDK-Broadcast-Demo";
			productName = "PolarSDK-Broadcast-Demo";
			productReference = E30BE8D121A82D9B0006AEB4 /* PolarSDK-Broadcast-Demo.app */;
			productType = "com.apple.product-type.application";
		};
/* End PBXNativeTarget section */

/* Begin PBXProject section */
		E30BE8C921A82D9B0006AEB4 /* Project object */ = {
			isa = PBXProject;
			attributes = {
				LastSwiftUpdateCheck = 1010;
				LastUpgradeCheck = 1010;
				ORGANIZATIONNAME = Polar;
				TargetAttributes = {
					E30BE8D021A82D9B0006AEB4 = {
						CreatedOnToolsVersion = 10.1;
						SystemCapabilities = {
							com.apple.BackgroundModes = {
								enabled = 1;
							};
						};
					};
				};
			};
			buildConfigurationList = E30BE8CC21A82D9B0006AEB4 /* Build configuration list for PBXProject "PolarSDK-Broadcast-Demo" */;
			compatibilityVersion = "Xcode 9.3";
			developmentRegion = en;
			hasScannedForEncodings = 0;
			knownRegions = (
				en,
				Base,
			);
			mainGroup = E30BE8C821A82D9B0006AEB4;
			productRefGroup = E30BE8D221A82D9B0006AEB4 /* Products */;
			projectDirPath = "";
			projectRoot = "";
			targets = (
				E30BE8D021A82D9B0006AEB4 /* PolarSDK-Broadcast-Demo */,
			);
		};
/* End PBXProject section */

/* Begin PBXResourcesBuildPhase section */
		E30BE8CF21A82D9B0006AEB4 /* Resources */ = {
			isa = PBXResourcesBuildPhase;
			buildActionMask = 2147483647;
			files = (
				E30BE8DF21A82D9C0006AEB4 /* LaunchScreen.storyboard in Resources */,
				E30BE8DC21A82D9C0006AEB4 /* Assets.xcassets in Resources */,
				E30BE8DA21A82D9B0006AEB4 /* Main.storyboard in Resources */,
			);
			runOnlyForDeploymentPostprocessing = 0;
		};
/* End PBXResourcesBuildPhase section */

/* Begin PBXSourcesBuildPhase section */
		E30BE8CD21A82D9B0006AEB4 /* Sources */ = {
			isa = PBXSourcesBuildPhase;
			buildActionMask = 2147483647;
			files = (
				E30BE8D721A82D9B0006AEB4 /* ViewController.swift in Sources */,
				E30BE8D521A82D9B0006AEB4 /* AppDelegate.swift in Sources */,
				E30BE8EE21A834DD0006AEB4 /* PolarCollectionViewCell.swift in Sources */,
			);
			runOnlyForDeploymentPostprocessing = 0;
		};
/* End PBXSourcesBuildPhase section */

/* Begin PBXVariantGroup section */
		E30BE8D821A82D9B0006AEB4 /* Main.storyboard */ = {
			isa = PBXVariantGroup;
			children = (
				E30BE8D921A82D9B0006AEB4 /* Base */,
			);
			name = Main.storyboard;
			sourceTree = "<group>";
		};
		E30BE8DD21A82D9C0006AEB4 /* LaunchScreen.storyboard */ = {
			isa = PBXVariantGroup;
			children = (
				E30BE8DE21A82D9C0006AEB4 /* Base */,
			);
			name = LaunchScreen.storyboard;
			sourceTree = "<group>";
		};
/* End PBXVariantGroup section */

/* Begin XCBuildConfiguration section */
		E30BE8E121A82D9C0006AEB4 /* Debug */ = {
			isa = XCBuildConfiguration;
			buildSettings = {
				ALWAYS_SEARCH_USER_PATHS = NO;
				CLANG_ANALYZER_NONNULL = YES;
				CLANG_ANALYZER_NUMBER_OBJECT_CONVERSION = YES_AGGRESSIVE;
				CLANG_CXX_LANGUAGE_STANDARD = "gnu++14";
				CLANG_CXX_LIBRARY = "libc++";
				CLANG_ENABLE_MODULES = YES;
				CLANG_ENABLE_OBJC_ARC = YES;
				CLANG_ENABLE_OBJC_WEAK = YES;
				CLANG_WARN_BLOCK_CAPTURE_AUTORELEASING = YES;
				CLANG_WARN_BOOL_CONVERSION = YES;
				CLANG_WARN_COMMA = YES;
				CLANG_WARN_CONSTANT_CONVERSION = YES;
				CLANG_WARN_DEPRECATED_OBJC_IMPLEMENTATIONS = YES;
				CLANG_WARN_DIRECT_OBJC_ISA_USAGE = YES_ERROR;
				CLANG_WARN_DOCUMENTATION_COMMENTS = YES;
				CLANG_WARN_EMPTY_BODY = YES;
				CLANG_WARN_ENUM_CONVERSION = YES;
				CLANG_WARN_INFINITE_RECURSION = YES;
				CLANG_WARN_INT_CONVERSION = YES;
				CLANG_WARN_NON_LITERAL_NULL_CONVERSION = YES;
				CLANG_WARN_OBJC_IMPLICIT_RETAIN_SELF = YES;
				CLANG_WARN_OBJC_LITERAL_CONVERSION = YES;
				CLANG_WARN_OBJC_ROOT_CLASS = YES_ERROR;
				CLANG_WARN_RANGE_LOOP_ANALYSIS = YES;
				CLANG_WARN_STRICT_PROTOTYPES = YES;
				CLANG_WARN_SUSPICIOUS_MOVE = YES;
				CLANG_WARN_UNGUARDED_AVAILABILITY = YES_AGGRESSIVE;
				CLANG_WARN_UNREACHABLE_CODE = YES;
				CLANG_WARN__DUPLICATE_METHOD_MATCH = YES;
				CODE_SIGN_IDENTITY = "iPhone Developer";
				COPY_PHASE_STRIP = NO;
				DEBUG_INFORMATION_FORMAT = dwarf;
				ENABLE_STRICT_OBJC_MSGSEND = YES;
				ENABLE_TESTABILITY = YES;
				GCC_C_LANGUAGE_STANDARD = gnu11;
				GCC_DYNAMIC_NO_PIC = NO;
				GCC_NO_COMMON_BLOCKS = YES;
				GCC_OPTIMIZATION_LEVEL = 0;
				GCC_PREPROCESSOR_DEFINITIONS = (
					"DEBUG=1",
					"$(inherited)",
				);
				GCC_WARN_64_TO_32_BIT_CONVERSION = YES;
				GCC_WARN_ABOUT_RETURN_TYPE = YES_ERROR;
				GCC_WARN_UNDECLARED_SELECTOR = YES;
				GCC_WARN_UNINITIALIZED_AUTOS = YES_AGGRESSIVE;
				GCC_WARN_UNUSED_FUNCTION = YES;
				GCC_WARN_UNUSED_VARIABLE = YES;
				IPHONEOS_DEPLOYMENT_TARGET = 12.1;
				MTL_ENABLE_DEBUG_INFO = INCLUDE_SOURCE;
				MTL_FAST_MATH = YES;
				ONLY_ACTIVE_ARCH = YES;
				SDKROOT = iphoneos;
				SWIFT_ACTIVE_COMPILATION_CONDITIONS = DEBUG;
				SWIFT_OPTIMIZATION_LEVEL = "-Onone";
			};
			name = Debug;
		};
		E30BE8E221A82D9C0006AEB4 /* Release */ = {
			isa = XCBuildConfiguration;
			buildSettings = {
				ALWAYS_SEARCH_USER_PATHS = NO;
				CLANG_ANALYZER_NONNULL = YES;
				CLANG_ANALYZER_NUMBER_OBJECT_CONVERSION = YES_AGGRESSIVE;
				CLANG_CXX_LANGUAGE_STANDARD = "gnu++14";
				CLANG_CXX_LIBRARY = "libc++";
				CLANG_ENABLE_MODULES = YES;
				CLANG_ENABLE_OBJC_ARC = YES;
				CLANG_ENABLE_OBJC_WEAK = YES;
				CLANG_WARN_BLOCK_CAPTURE_AUTORELEASING = YES;
				CLANG_WARN_BOOL_CONVERSION = YES;
				CLANG_WARN_COMMA = YES;
				CLANG_WARN_CONSTANT_CONVERSION = YES;
				CLANG_WARN_DEPRECATED_OBJC_IMPLEMENTATIONS = YES;
				CLANG_WARN_DIRECT_OBJC_ISA_USAGE = YES_ERROR;
				CLANG_WARN_DOCUMENTATION_COMMENTS = YES;
				CLANG_WARN_EMPTY_BODY = YES;
				CLANG_WARN_ENUM_CONVERSION = YES;
				CLANG_WARN_INFINITE_RECURSION = YES;
				CLANG_WARN_INT_CONVERSION = YES;
				CLANG_WARN_NON_LITERAL_NULL_CONVERSION = YES;
				CLANG_WARN_OBJC_IMPLICIT_RETAIN_SELF = YES;
				CLANG_WARN_OBJC_LITERAL_CONVERSION = YES;
				CLANG_WARN_OBJC_ROOT_CLASS = YES_ERROR;
				CLANG_WARN_RANGE_LOOP_ANALYSIS = YES;
				CLANG_WARN_STRICT_PROTOTYPES = YES;
				CLANG_WARN_SUSPICIOUS_MOVE = YES;
				CLANG_WARN_UNGUARDED_AVAILABILITY = YES_AGGRESSIVE;
				CLANG_WARN_UNREACHABLE_CODE = YES;
				CLANG_WARN__DUPLICATE_METHOD_MATCH = YES;
				CODE_SIGN_IDENTITY = "iPhone Developer";
				COPY_PHASE_STRIP = NO;
				DEBUG_INFORMATION_FORMAT = "dwarf-with-dsym";
				ENABLE_NS_ASSERTIONS = NO;
				ENABLE_STRICT_OBJC_MSGSEND = YES;
				GCC_C_LANGUAGE_STANDARD = gnu11;
				GCC_NO_COMMON_BLOCKS = YES;
				GCC_WARN_64_TO_32_BIT_CONVERSION = YES;
				GCC_WARN_ABOUT_RETURN_TYPE = YES_ERROR;
				GCC_WARN_UNDECLARED_SELECTOR = YES;
				GCC_WARN_UNINITIALIZED_AUTOS = YES_AGGRESSIVE;
				GCC_WARN_UNUSED_FUNCTION = YES;
				GCC_WARN_UNUSED_VARIABLE = YES;
				IPHONEOS_DEPLOYMENT_TARGET = 12.1;
				MTL_ENABLE_DEBUG_INFO = NO;
				MTL_FAST_MATH = YES;
				SDKROOT = iphoneos;
				SWIFT_COMPILATION_MODE = wholemodule;
				SWIFT_OPTIMIZATION_LEVEL = "-O";
				VALIDATE_PRODUCT = YES;
			};
			name = Release;
		};
		E30BE8E421A82D9C0006AEB4 /* Debug */ = {
			isa = XCBuildConfiguration;
			buildSettings = {
				ASSETCATALOG_COMPILER_APPICON_NAME = AppIcon;
				CODE_SIGN_STYLE = Automatic;
				DEVELOPMENT_TEAM = "";
				FRAMEWORK_SEARCH_PATHS = (
					"$(inherited)",
					"$(PROJECT_DIR)",
					"$(PROJECT_DIR)/../../../polar-sdk-ios",
				);
				INFOPLIST_FILE = "PolarSDK-Broadcast-Demo/Info.plist";
				IPHONEOS_DEPLOYMENT_TARGET = 10.3;
				LD_RUNPATH_SEARCH_PATHS = (
					"$(inherited)",
					"@executable_path/Frameworks",
				);
				PRODUCT_BUNDLE_IDENTIFIER = "com.polar.PolarSDK-Broadcast-Demo";
				PRODUCT_NAME = "$(TARGET_NAME)";
				SWIFT_VERSION = 5.0;
				TARGETED_DEVICE_FAMILY = "1,2";
			};
			name = Debug;
		};
		E30BE8E521A82D9C0006AEB4 /* Release */ = {
			isa = XCBuildConfiguration;
			buildSettings = {
				ASSETCATALOG_COMPILER_APPICON_NAME = AppIcon;
				CODE_SIGN_STYLE = Automatic;
				DEVELOPMENT_TEAM = "";
				FRAMEWORK_SEARCH_PATHS = (
					"$(inherited)",
					"$(PROJECT_DIR)",
					"$(PROJECT_DIR)/../../../polar-sdk-ios",
				);
				INFOPLIST_FILE = "PolarSDK-Broadcast-Demo/Info.plist";
				IPHONEOS_DEPLOYMENT_TARGET = 10.3;
				LD_RUNPATH_SEARCH_PATHS = (
					"$(inherited)",
					"@executable_path/Frameworks",
				);
				PRODUCT_BUNDLE_IDENTIFIER = "com.polar.PolarSDK-Broadcast-Demo";
				PRODUCT_NAME = "$(TARGET_NAME)";
				SWIFT_VERSION = 5.0;
				TARGETED_DEVICE_FAMILY = "1,2";
			};
			name = Release;
		};
/* End XCBuildConfiguration section */

/* Begin XCConfigurationList section */
		E30BE8CC21A82D9B0006AEB4 /* Build configuration list for PBXProject "PolarSDK-Broadcast-Demo" */ = {
			isa = XCConfigurationList;
			buildConfigurations = (
				E30BE8E121A82D9C0006AEB4 /* Debug */,
				E30BE8E221A82D9C0006AEB4 /* Release */,
			);
			defaultConfigurationIsVisible = 0;
			defaultConfigurationName = Release;
		};
		E30BE8E321A82D9C0006AEB4 /* Build configuration list for PBXNativeTarget "PolarSDK-Broadcast-Demo" */ = {
			isa = XCConfigurationList;
			buildConfigurations = (
				E30BE8E421A82D9C0006AEB4 /* Debug */,
				E30BE8E521A82D9C0006AEB4 /* Release */,
			);
			defaultConfigurationIsVisible = 0;
			defaultConfigurationName = Release;
		};
/* End XCConfigurationList section */
	};
	rootObject = E30BE8C921A82D9B0006AEB4 /* Project object */;
}
