PODS:
  - PolarBleSdk (5.5.0):
    - RxSwift (~> 6.5.0)
    - SwiftProtobuf (~> 1.0)
  - RxSwift (6.5.0)
  - SwiftProtobuf (1.23.0)

DEPENDENCIES:
  - PolarBleSdk (= 5.5.0)

SPEC REPOS:
  https://github.com/CocoaPods/Specs.git:
    - PolarBleSdk
    - RxSwift
    - SwiftProtobuf

SPEC CHECKSUMS:
  PolarBleSdk: 2551160f3dcba0207723fc466a275e2d3aeda01f
  RxSwift: 5710a9e6b17f3c3d6e40d6e559b9fa1e813b2ef8
  SwiftProtobuf: b70d65f419fbfe61a2d58003456ca5da58e337d6

PODFILE CHECKSUM: aa65d965a6f6e7d086dc200b60385c49e57e8f2e

COCOAPODS: 1.14.3
