// !$*UTF8*$!
{
	archiveVersion = 1;
	classes = {
	};
	objectVersion = 52;
	objects = {

/* Begin PBXBuildFile section */
		6C56423C2203199400F9BDA9 /* ApiWrapperSwift.swift in Sources */ = {isa = PBXBuildFile; fileRef = 6C56423B2203199400F9BDA9 /* ApiWrapperSwift.swift */; };
		6C770A59205269C800F3D51D /* AppDelegate.swift in Sources */ = {isa = PBXBuildFile; fileRef = 6C770A58205269C800F3D51D /* AppDelegate.swift */; };
		6C770A5B205269C800F3D51D /* ViewController.swift in Sources */ = {isa = PBXBuildFile; fileRef = 6C770A5A205269C800F3D51D /* ViewController.swift */; };
		6C770A5E205269C800F3D51D /* Main.storyboard in Resources */ = {isa = PBXBuildFile; fileRef = 6C770A5C205269C800F3D51D /* Main.storyboard */; };
		6C770A60205269C800F3D51D /* Assets.xcassets in Resources */ = {isa = PBXBuildFile; fileRef = 6C770A5F205269C800F3D51D /* Assets.xcassets */; };
		6C770A63205269C800F3D51D /* LaunchScreen.storyboard in Resources */ = {isa = PBXBuildFile; fileRef = 6C770A61205269C800F3D51D /* LaunchScreen.storyboard */; };
		A521CACA25AD7A3A00151D51 /* RxSwift.xcframework in Frameworks */ = {isa = PBXBuildFile; fileRef = A521CAC925AD7A3A00151D51 /* RxSwift.xcframework */; };
		A521CACB25AD7A3A00151D51 /* RxSwift.xcframework in Embed Frameworks */ = {isa = PBXBuildFile; fileRef = A521CAC925AD7A3A00151D51 /* RxSwift.xcframework */; settings = {ATTRIBUTES = (CodeSignOnCopy, RemoveHeadersOnCopy, ); }; };
		A521CACD25AD7A4B00151D51 /* PolarBleSdk.xcframework in Frameworks */ = {isa = PBXBuildFile; fileRef = A521CACC25AD7A4B00151D51 /* PolarBleSdk.xcframework */; };
		A521CACE25AD7A4B00151D51 /* PolarBleSdk.xcframework in Embed Frameworks */ = {isa = PBXBuildFile; fileRef = A521CACC25AD7A4B00151D51 /* PolarBleSdk.xcframework */; settings = {ATTRIBUTES = (CodeSignOnCopy, RemoveHeadersOnCopy, ); }; };
/* End PBXBuildFile section */

/* Begin PBXCopyFilesBuildPhase section */
		6C770A852052754200F3D51D /* Embed Frameworks */ = {
			isa = PBXCopyFilesBuildPhase;
			buildActionMask = 12;
			dstPath = "";
			dstSubfolderSpec = 10;
			files = (
				A521CACB25AD7A3A00151D51 /* RxSwift.xcframework in Embed Frameworks */,
				A521CACE25AD7A4B00151D51 /* PolarBleSdk.xcframework in Embed Frameworks */,
			);
			name = "Embed Frameworks";
			runOnlyForDeploymentPostprocessing = 0;
		};
		6C770A9120527F0A00F3D51D /* CopyFiles */ = {
			isa = PBXCopyFilesBuildPhase;
			buildActionMask = 2147483647;
			dstPath = "";
			dstSubfolderSpec = 7;
			files = (
			);
			runOnlyForDeploymentPostprocessing = 0;
		};
/* End PBXCopyFilesBuildPhase section */

/* Begin PBXFileReference section */
		6C56423B2203199400F9BDA9 /* ApiWrapperSwift.swift */ = {isa = PBXFileReference; fileEncoding = 4; lastKnownFileType = sourcecode.swift; path = ApiWrapperSwift.swift; sourceTree = "<group>"; };
		6C770A55205269C800F3D51D /* polarBleSdkTestApp.app */ = {isa = PBXFileReference; explicitFileType = wrapper.application; includeInIndex = 0; path = polarBleSdkTestApp.app; sourceTree = BUILT_PRODUCTS_DIR; };
		6C770A58205269C800F3D51D /* AppDelegate.swift */ = {isa = PBXFileReference; lastKnownFileType = sourcecode.swift; path = AppDelegate.swift; sourceTree = "<group>"; };
		6C770A5A205269C800F3D51D /* ViewController.swift */ = {isa = PBXFileReference; lastKnownFileType = sourcecode.swift; path = ViewController.swift; sourceTree = "<group>"; };
		6C770A5D205269C800F3D51D /* Base */ = {isa = PBXFileReference; lastKnownFileType = file.storyboard; name = Base; path = Base.lproj/Main.storyboard; sourceTree = "<group>"; };
		6C770A5F205269C800F3D51D /* Assets.xcassets */ = {isa = PBXFileReference; lastKnownFileType = folder.assetcatalog; path = Assets.xcassets; sourceTree = "<group>"; };
		6C770A62205269C800F3D51D /* Base */ = {isa = PBXFileReference; lastKnownFileType = file.storyboard; name = Base; path = Base.lproj/LaunchScreen.storyboard; sourceTree = "<group>"; };
		6C770A64205269C800F3D51D /* Info.plist */ = {isa = PBXFileReference; lastKnownFileType = text.plist.xml; path = Info.plist; sourceTree = "<group>"; };
		6C770A9F2057A35A00F3D51D /* polarBleSdkTestApp-Bridging-Header.h */ = {isa = PBXFileReference; lastKnownFileType = sourcecode.c.h; path = "polarBleSdkTestApp-Bridging-Header.h"; sourceTree = "<group>"; };
		A521CAC925AD7A3A00151D51 /* RxSwift.xcframework */ = {isa = PBXFileReference; lastKnownFileType = wrapper.xcframework; name = RxSwift.xcframework; path = polarBleSdkTestApp/dependency/RxSwift.xcframework; sourceTree = "<group>"; };
		A521CACC25AD7A4B00151D51 /* PolarBleSdk.xcframework */ = {isa = PBXFileReference; lastKnownFileType = wrapper.xcframework; name = PolarBleSdk.xcframework; path = "../../polar-sdk-ios/PolarBleSdk.xcframework"; sourceTree = "<group>"; };
/* End PBXFileReference section */

/* Begin PBXFrameworksBuildPhase section */
		6C770A52205269C800F3D51D /* Frameworks */ = {
			isa = PBXFrameworksBuildPhase;
			buildActionMask = 2147483647;
			files = (
				A521CACA25AD7A3A00151D51 /* RxSwift.xcframework in Frameworks */,
				A521CACD25AD7A4B00151D51 /* PolarBleSdk.xcframework in Frameworks */,
			);
			runOnlyForDeploymentPostprocessing = 0;
		};
/* End PBXFrameworksBuildPhase section */

/* Begin PBXGroup section */
		6C770A4C205269C800F3D51D = {
			isa = PBXGroup;
			children = (
				6C770A57205269C800F3D51D /* polarBleSdkTestApp */,
				6C770A56205269C800F3D51D /* Products */,
				6C770A6A20526A9500F3D51D /* Frameworks */,
			);
			sourceTree = "<group>";
		};
		6C770A56205269C800F3D51D /* Products */ = {
			isa = PBXGroup;
			children = (
				6C770A55205269C800F3D51D /* polarBleSdkTestApp.app */,
			);
			name = Products;
			sourceTree = "<group>";
		};
		6C770A57205269C800F3D51D /* polarBleSdkTestApp */ = {
			isa = PBXGroup;
			children = (
				6C56423B2203199400F9BDA9 /* ApiWrapperSwift.swift */,
				6C770A58205269C800F3D51D /* AppDelegate.swift */,
				6C770A5A205269C800F3D51D /* ViewController.swift */,
				6C770A5C205269C800F3D51D /* Main.storyboard */,
				6C770A5F205269C800F3D51D /* Assets.xcassets */,
				6C770A61205269C800F3D51D /* LaunchScreen.storyboard */,
				6C770A64205269C800F3D51D /* Info.plist */,
				6C770A9F2057A35A00F3D51D /* polarBleSdkTestApp-Bridging-Header.h */,
			);
			path = polarBleSdkTestApp;
			sourceTree = "<group>";
		};
		6C770A6A20526A9500F3D51D /* Frameworks */ = {
			isa = PBXGroup;
			children = (
				A521CACC25AD7A4B00151D51 /* PolarBleSdk.xcframework */,
				A521CAC925AD7A3A00151D51 /* RxSwift.xcframework */,
			);
			name = Frameworks;
			sourceTree = "<group>";
		};
/* End PBXGroup section */

/* Begin PBXNativeTarget section */
		6C770A54205269C800F3D51D /* polarBleSdkTestApp */ = {
			isa = PBXNativeTarget;
			buildConfigurationList = 6C770A67205269C800F3D51D /* Build configuration list for PBXNativeTarget "polarBleSdkTestApp" */;
			buildPhases = (
				6C770A51205269C800F3D51D /* Sources */,
				6C770A52205269C800F3D51D /* Frameworks */,
				6C770A53205269C800F3D51D /* Resources */,
				6C770A852052754200F3D51D /* Embed Frameworks */,
				6C770A9120527F0A00F3D51D /* CopyFiles */,
			);
			buildRules = (
			);
			dependencies = (
			);
			name = polarBleSdkTestApp;
			productName = polarBleSdkTestApp;
			productReference = 6C770A55205269C800F3D51D /* polarBleSdkTestApp.app */;
			productType = "com.apple.product-type.application";
		};
/* End PBXNativeTarget section */

/* Begin PBXProject section */
		6C770A4D205269C800F3D51D /* Project object */ = {
			isa = PBXProject;
			attributes = {
				LastSwiftUpdateCheck = 0920;
				LastUpgradeCheck = 1220;
				ORGANIZATIONNAME = Polar;
				TargetAttributes = {
					6C770A54205269C800F3D51D = {
						CreatedOnToolsVersion = 9.2;
						LastSwiftMigration = 0920;
						ProvisioningStyle = Automatic;
						SystemCapabilities = {
							com.apple.BackgroundModes = {
								enabled = 1;
							};
						};
					};
				};
			};
			buildConfigurationList = 6C770A50205269C800F3D51D /* Build configuration list for PBXProject "polarBleSdkTestApp" */;
			compatibilityVersion = "Xcode 8.0";
			developmentRegion = en;
			hasScannedForEncodings = 0;
			knownRegions = (
				en,
				Base,
			);
			mainGroup = 6C770A4C205269C800F3D51D;
			productRefGroup = 6C770A56205269C800F3D51D /* Products */;
			projectDirPath = "";
			projectRoot = "";
			targets = (
				6C770A54205269C800F3D51D /* polarBleSdkTestApp */,
			);
		};
/* End PBXProject section */

/* Begin PBXResourcesBuildPhase section */
		6C770A53205269C800F3D51D /* Resources */ = {
			isa = PBXResourcesBuildPhase;
			buildActionMask = 2147483647;
			files = (
				6C770A63205269C800F3D51D /* LaunchScreen.storyboard in Resources */,
				6C770A60205269C800F3D51D /* Assets.xcassets in Resources */,
				6C770A5E205269C800F3D51D /* Main.storyboard in Resources */,
			);
			runOnlyForDeploymentPostprocessing = 0;
		};
/* End PBXResourcesBuildPhase section */

/* Begin PBXSourcesBuildPhase section */
		6C770A51205269C800F3D51D /* Sources */ = {
			isa = PBXSourcesBuildPhase;
			buildActionMask = 2147483647;
			files = (
				6C770A5B205269C800F3D51D /* ViewController.swift in Sources */,
				6C770A59205269C800F3D51D /* AppDelegate.swift in Sources */,
				6C56423C2203199400F9BDA9 /* ApiWrapperSwift.swift in Sources */,
			);
			runOnlyForDeploymentPostprocessing = 0;
		};
/* End PBXSourcesBuildPhase section */

/* Begin PBXVariantGroup section */
		6C770A5C205269C800F3D51D /* Main.storyboard */ = {
			isa = PBXVariantGroup;
			children = (
				6C770A5D205269C800F3D51D /* Base */,
			);
			name = Main.storyboard;
			sourceTree = "<group>";
		};
		6C770A61205269C800F3D51D /* LaunchScreen.storyboard */ = {
			isa = PBXVariantGroup;
			children = (
				6C770A62205269C800F3D51D /* Base */,
			);
			name = LaunchScreen.storyboard;
			sourceTree = "<group>";
		};
/* End PBXVariantGroup section */

/* Begin XCBuildConfiguration section */
		6C770A65205269C800F3D51D /* Debug */ = {
			isa = XCBuildConfiguration;
			buildSettings = {
				ALWAYS_SEARCH_USER_PATHS = NO;
				CLANG_ANALYZER_NONNULL = YES;
				CLANG_ANALYZER_NUMBER_OBJECT_CONVERSION = YES_AGGRESSIVE;
				CLANG_CXX_LANGUAGE_STANDARD = "gnu++14";
				CLANG_CXX_LIBRARY = "libc++";
				CLANG_ENABLE_MODULES = YES;
				CLANG_ENABLE_OBJC_ARC = YES;
				CLANG_WARN_BLOCK_CAPTURE_AUTORELEASING = YES;
				CLANG_WARN_BOOL_CONVERSION = YES;
				CLANG_WARN_COMMA = YES;
				CLANG_WARN_CONSTANT_CONVERSION = YES;
				CLANG_WARN_DEPRECATED_OBJC_IMPLEMENTATIONS = YES;
				CLANG_WARN_DIRECT_OBJC_ISA_USAGE = YES_ERROR;
				CLANG_WARN_DOCUMENTATION_COMMENTS = YES;
				CLANG_WARN_EMPTY_BODY = YES;
				CLANG_WARN_ENUM_CONVERSION = YES;
				CLANG_WARN_INFINITE_RECURSION = YES;
				CLANG_WARN_INT_CONVERSION = YES;
				CLANG_WARN_NON_LITERAL_NULL_CONVERSION = YES;
				CLANG_WARN_OBJC_IMPLICIT_RETAIN_SELF = YES;
				CLANG_WARN_OBJC_LITERAL_CONVERSION = YES;
				CLANG_WARN_OBJC_ROOT_CLASS = YES_ERROR;
				CLANG_WARN_QUOTED_INCLUDE_IN_FRAMEWORK_HEADER = YES;
				CLANG_WARN_RANGE_LOOP_ANALYSIS = YES;
				CLANG_WARN_STRICT_PROTOTYPES = YES;
				CLANG_WARN_SUSPICIOUS_MOVE = YES;
				CLANG_WARN_UNGUARDED_AVAILABILITY = YES_AGGRESSIVE;
				CLANG_WARN_UNREACHABLE_CODE = YES;
				CLANG_WARN__DUPLICATE_METHOD_MATCH = YES;
				CODE_SIGN_IDENTITY = "iPhone Developer";
				COPY_PHASE_STRIP = NO;
				DEBUG_INFORMATION_FORMAT = dwarf;
				ENABLE_STRICT_OBJC_MSGSEND = YES;
				ENABLE_TESTABILITY = YES;
				GCC_C_LANGUAGE_STANDARD = gnu11;
				GCC_DYNAMIC_NO_PIC = NO;
				GCC_NO_COMMON_BLOCKS = YES;
				GCC_OPTIMIZATION_LEVEL = 0;
				GCC_PREPROCESSOR_DEFINITIONS = (
					"DEBUG=1",
					"$(inherited)",
				);
				GCC_WARN_64_TO_32_BIT_CONVERSION = YES;
				GCC_WARN_ABOUT_RETURN_TYPE = YES_ERROR;
				GCC_WARN_UNDECLARED_SELECTOR = YES;
				GCC_WARN_UNINITIALIZED_AUTOS = YES_AGGRESSIVE;
				GCC_WARN_UNUSED_FUNCTION = YES;
				GCC_WARN_UNUSED_VARIABLE = YES;
				IPHONEOS_DEPLOYMENT_TARGET = 12.0;
				MTL_ENABLE_DEBUG_INFO = YES;
				ONLY_ACTIVE_ARCH = YES;
				SDKROOT = iphoneos;
				SWIFT_ACTIVE_COMPILATION_CONDITIONS = DEBUG;
				SWIFT_OPTIMIZATION_LEVEL = "-Onone";
			};
			name = Debug;
		};
		6C770A66205269C800F3D51D /* Release */ = {
			isa = XCBuildConfiguration;
			buildSettings = {
				ALWAYS_SEARCH_USER_PATHS = NO;
				CLANG_ANALYZER_NONNULL = YES;
				CLANG_ANALYZER_NUMBER_OBJECT_CONVERSION = YES_AGGRESSIVE;
				CLANG_CXX_LANGUAGE_STANDARD = "gnu++14";
				CLANG_CXX_LIBRARY = "libc++";
				CLANG_ENABLE_MODULES = YES;
				CLANG_ENABLE_OBJC_ARC = YES;
				CLANG_WARN_BLOCK_CAPTURE_AUTORELEASING = YES;
				CLANG_WARN_BOOL_CONVERSION = YES;
				CLANG_WARN_COMMA = YES;
				CLANG_WARN_CONSTANT_CONVERSION = YES;
				CLANG_WARN_DEPRECATED_OBJC_IMPLEMENTATIONS = YES;
				CLANG_WARN_DIRECT_OBJC_ISA_USAGE = YES_ERROR;
				CLANG_WARN_DOCUMENTATION_COMMENTS = YES;
				CLANG_WARN_EMPTY_BODY = YES;
				CLANG_WARN_ENUM_CONVERSION = YES;
				CLANG_WARN_INFINITE_RECURSION = YES;
				CLANG_WARN_INT_CONVERSION = YES;
				CLANG_WARN_NON_LITERAL_NULL_CONVERSION = YES;
				CLANG_WARN_OBJC_IMPLICIT_RETAIN_SELF = YES;
				CLANG_WARN_OBJC_LITERAL_CONVERSION = YES;
				CLANG_WARN_OBJC_ROOT_CLASS = YES_ERROR;
				CLANG_WARN_QUOTED_INCLUDE_IN_FRAMEWORK_HEADER = YES;
				CLANG_WARN_RANGE_LOOP_ANALYSIS = YES;
				CLANG_WARN_STRICT_PROTOTYPES = YES;
				CLANG_WARN_SUSPICIOUS_MOVE = YES;
				CLANG_WARN_UNGUARDED_AVAILABILITY = YES_AGGRESSIVE;
				CLANG_WARN_UNREACHABLE_CODE = YES;
				CLANG_WARN__DUPLICATE_METHOD_MATCH = YES;
				CODE_SIGN_IDENTITY = "iPhone Developer";
				COPY_PHASE_STRIP = NO;
				DEBUG_INFORMATION_FORMAT = "dwarf-with-dsym";
				ENABLE_NS_ASSERTIONS = NO;
				ENABLE_STRICT_OBJC_MSGSEND = YES;
				GCC_C_LANGUAGE_STANDARD = gnu11;
				GCC_NO_COMMON_BLOCKS = YES;
				GCC_WARN_64_TO_32_BIT_CONVERSION = YES;
				GCC_WARN_ABOUT_RETURN_TYPE = YES_ERROR;
				GCC_WARN_UNDECLARED_SELECTOR = YES;
				GCC_WARN_UNINITIALIZED_AUTOS = YES_AGGRESSIVE;
				GCC_WARN_UNUSED_FUNCTION = YES;
				GCC_WARN_UNUSED_VARIABLE = YES;
				IPHONEOS_DEPLOYMENT_TARGET = 12.0;
				MTL_ENABLE_DEBUG_INFO = NO;
				SDKROOT = iphoneos;
				SWIFT_COMPILATION_MODE = wholemodule;
				SWIFT_OPTIMIZATION_LEVEL = "-O";
				VALIDATE_PRODUCT = YES;
			};
			name = Release;
		};
		6C770A68205269C800F3D51D /* Debug */ = {
			isa = XCBuildConfiguration;
			buildSettings = {
				ASSETCATALOG_COMPILER_APPICON_NAME = AppIcon;
				CLANG_ENABLE_MODULES = YES;
				"CODE_SIGN_IDENTITY[sdk=iphoneos*]" = "iPhone Developer";
				CODE_SIGN_STYLE = Automatic;
				DEVELOPMENT_TEAM = "";
				ENABLE_BITCODE = NO;
				FRAMEWORK_SEARCH_PATHS = (
					"$(PROJECT_DIR)/../",
					"$(PROJECT_DIR)",
					"$(PROJECT_DIR)/../../polar-sdk-ios/",
				);
				HEADER_SEARCH_PATHS = "";
				INFOPLIST_FILE = polarBleSdkTestApp/Info.plist;
				IPHONEOS_DEPLOYMENT_TARGET = 12.0;
				LD_RUNPATH_SEARCH_PATHS = (
					"$(inherited)",
					"@executable_path/Frameworks",
					"@executable_path/Frameworks/PolarBleSdk.framework",
				);
				PRODUCT_BUNDLE_IDENTIFIER = com.polar.polarBleSdkTestApp;
				PRODUCT_NAME = "$(TARGET_NAME)";
				PROVISIONING_PROFILE_SPECIFIER = "";
				SWIFT_OBJC_BRIDGING_HEADER = "polarBleSdkTestApp/polarBleSdkTestApp-Bridging-Header.h";
				SWIFT_OPTIMIZATION_LEVEL = "-Onone";
				SWIFT_VERSION = 5.0;
				TARGETED_DEVICE_FAMILY = "1,2";
			};
			name = Debug;
		};
		6C770A69205269C800F3D51D /* Release */ = {
			isa = XCBuildConfiguration;
			buildSettings = {
				ASSETCATALOG_COMPILER_APPICON_NAME = AppIcon;
				CLANG_ENABLE_MODULES = YES;
				"CODE_SIGN_IDENTITY[sdk=iphoneos*]" = "iPhone Developer";
				CODE_SIGN_STYLE = Automatic;
				DEVELOPMENT_TEAM = "";
				ENABLE_BITCODE = NO;
				FRAMEWORK_SEARCH_PATHS = (
					"$(PROJECT_DIR)/../",
					"$(PROJECT_DIR)",
					"$(PROJECT_DIR)/../../polar-sdk-ios/",
				);
				HEADER_SEARCH_PATHS = "";
				INFOPLIST_FILE = polarBleSdkTestApp/Info.plist;
				IPHONEOS_DEPLOYMENT_TARGET = 12.0;
				LD_RUNPATH_SEARCH_PATHS = (
					"$(inherited)",
					"@executable_path/Frameworks",
					"@executable_path/Frameworks/PolarBleSdk.framework",
				);
				PRODUCT_BUNDLE_IDENTIFIER = com.polar.polarBleSdkTestApp;
				PRODUCT_NAME = "$(TARGET_NAME)";
				PROVISIONING_PROFILE_SPECIFIER = "";
				SWIFT_OBJC_BRIDGING_HEADER = "polarBleSdkTestApp/polarBleSdkTestApp-Bridging-Header.h";
				SWIFT_VERSION = 5.0;
				TARGETED_DEVICE_FAMILY = "1,2";
			};
			name = Release;
		};
/* End XCBuildConfiguration section */

/* Begin XCConfigurationList section */
		6C770A50205269C800F3D51D /* Build configuration list for PBXProject "polarBleSdkTestApp" */ = {
			isa = XCConfigurationList;
			buildConfigurations = (
				6C770A65205269C800F3D51D /* Debug */,
				6C770A66205269C800F3D51D /* Release */,
			);
			defaultConfigurationIsVisible = 0;
			defaultConfigurationName = Release;
		};
		6C770A67205269C800F3D51D /* Build configuration list for PBXNativeTarget "polarBleSdkTestApp" */ = {
			isa = XCConfigurationList;
			buildConfigurations = (
				6C770A68205269C800F3D51D /* Debug */,
				6C770A69205269C800F3D51D /* Release */,
			);
			defaultConfigurationIsVisible = 0;
			defaultConfigurationName = Release;
		};
/* End XCConfigurationList section */
	};
	rootObject = 6C770A4D205269C800F3D51D /* Project object */;
}
