PODS:
  - RxBlocking (6.8.0):
    - RxSwift (= 6.8.0)
  - RxSwift (6.8.0)
  - RxTest (6.8.0):
    - RxSwift (= 6.8.0)
  - SwiftProtobuf (1.24.0)
  - Zip (2.1.2)

DEPENDENCIES:
  - RxBlocking (~> 6.8.0)
  - RxSwift (~> 6.8.0)
  - RxTest (~> 6.8.0)
  - SwiftProtobuf (~> 1.0)
  - Zip (~> 2.1.2)

SPEC REPOS:
  https://github.com/CocoaPods/Specs.git:
    - RxBlocking
    - RxSwift
    - RxTest
    - SwiftProtobuf
    - Zip

SPEC CHECKSUMS:
  RxBlocking: a8b634fba6850913bc3df40bb73fd08b2dbf0f01
  RxSwift: 4e28be97cbcfeee614af26d83415febbf2bf6f45
  RxTest: d0fa1ec82feb41efa826a59173ec65eafbbe4aaf
  SwiftProtobuf: bcfd2bc231cf9ae552cdc7c4e877bd3b41fe57b1
  Zip: b3fef584b147b6e582b2256a9815c897d60ddc67

PODFILE CHECKSUM: 4443dd964b8edbafe8edb55abac7b414368ffd77

COCOAPODS: 1.16.2
