PODS:
  - Alamofire (5.8.1)
  - RxBlocking (6.5.0):
    - RxSwift (= 6.5.0)
  - RxSwift (6.5.0)
  - RxTest (6.5.0):
    - RxSwift (= 6.5.0)
  - SwiftProtobuf (1.24.0)
  - Zip (2.1.2)

DEPENDENCIES:
  - Alamofire (~> 5.8.1)
  - RxBlocking (~> 6.5.0)
  - RxSwift (~> 6.5.0)
  - RxTest (~> 6.5.0)
  - SwiftProtobuf (~> 1.0)
  - Zip (~> 2.1.2)

SPEC REPOS:
  https://github.com/CocoaPods/Specs.git:
    - Alamofire
    - RxBlocking
    - RxSwift
    - RxTest
    - SwiftProtobuf
    - Zip

SPEC CHECKSUMS:
  Alamofire: 3ca42e259043ee0dc5c0cdd76c4bc568b8e42af7
  RxBlocking: 04b5fd28bb5ea49f7d64b80db8bbfe50d9cc1c7d
  RxSwift: 5710a9e6b17f3c3d6e40d6e559b9fa1e813b2ef8
  RxTest: eb2d23adefc5a5ebf5779c7792fa3edfe6ebcc17
  SwiftProtobuf: bcfd2bc231cf9ae552cdc7c4e877bd3b41fe57b1
  Zip: b3fef584b147b6e582b2256a9815c897d60ddc67

PODFILE CHECKSUM: 33579a760ec60fd96890b6fd664b7cbfc8725c77

COCOAPODS: 1.15.2
