// !$*UTF8*$!
{
	archiveVersion = 1;
	classes = {
	};
	objectVersion = 51;
	objects = {

/* Begin PBXBuildFile section */
		0F648239B2A238FB9C836174 /* Pods_iosBleSdkTestApp.framework in Frameworks */ = {isa = PBXBuildFile; fileRef = 1A7F80B61D7E48292C9247C1 /* Pods_iosBleSdkTestApp.framework */; };
		A50C368E267B162E00D9F150 /* ButtonStyle.swift in Sources */ = {isa = PBXBuildFile; fileRef = A50C368D267B162E00D9F150 /* ButtonStyle.swift */; };
		A50C3691267B271300D9F150 /* RecordingSettings.swift in Sources */ = {isa = PBXBuildFile; fileRef = A50C3690267B271300D9F150 /* RecordingSettings.swift */; };
		A5223EBD2AA5EA2B00DFB5F9 /* LedAnimationFeature.swift in Sources */ = {isa = PBXBuildFile; fileRef = A5223EBC2AA5EA2B00DFB5F9 /* LedAnimationFeature.swift */; };
		A5367D1726676CB100CDDEBE /* Messages.swift in Sources */ = {isa = PBXBuildFile; fileRef = A5367D1626676CB100CDDEBE /* Messages.swift */; };
		A54395D029C99D5600356E38 /* DeviceSearchView.swift in Sources */ = {isa = PBXBuildFile; fileRef = A54395CF29C99D5600356E38 /* DeviceSearchView.swift */; };
		A54395D229C99ECD00356E38 /* DeviceSearch.swift in Sources */ = {isa = PBXBuildFile; fileRef = A54395D129C99ECD00356E38 /* DeviceSearch.swift */; };
		A54395D429C9D5FD00356E38 /* DeviceSearchRow.swift in Sources */ = {isa = PBXBuildFile; fileRef = A54395D329C9D5FD00356E38 /* DeviceSearchRow.swift */; };
		A54EC6E029643D8300E1B910 /* OfflineRecordingStartView.swift in Sources */ = {isa = PBXBuildFile; fileRef = A54EC6DF29643D8300E1B910 /* OfflineRecordingStartView.swift */; };
		A54EC6E229643D9700E1B910 /* OfflineRecordingListView.swift in Sources */ = {isa = PBXBuildFile; fileRef = A54EC6E129643D9700E1B910 /* OfflineRecordingListView.swift */; };
		A54EC6E6296456DB00E1B910 /* OfflineRecordingDetailsView.swift in Sources */ = {isa = PBXBuildFile; fileRef = A54EC6E5296456DB00E1B910 /* OfflineRecordingDetailsView.swift */; };
		A54EC6E82964574000E1B910 /* OfflineRecordingEntries.swift in Sources */ = {isa = PBXBuildFile; fileRef = A54EC6E72964574000E1B910 /* OfflineRecordingEntries.swift */; };
		A54EC6EA2964590000E1B910 /* OfflineRecordingEntriesRow.swift in Sources */ = {isa = PBXBuildFile; fileRef = A54EC6E92964590000E1B910 /* OfflineRecordingEntriesRow.swift */; };
		A55604CC298BA3E900DB6EDB /* OnlineStreamingFeature.swift in Sources */ = {isa = PBXBuildFile; fileRef = A55604CB298BA3E900DB6EDB /* OnlineStreamingFeature.swift */; };
		A5776BA62663A28700A36BA5 /* iosBleSdkTestApp.swift in Sources */ = {isa = PBXBuildFile; fileRef = A5776BA52663A28700A36BA5 /* iosBleSdkTestApp.swift */; };
		A5776BA82663A28700A36BA5 /* ContentView.swift in Sources */ = {isa = PBXBuildFile; fileRef = A5776BA72663A28700A36BA5 /* ContentView.swift */; };
		A5776BAA2663A28800A36BA5 /* Assets.xcassets in Resources */ = {isa = PBXBuildFile; fileRef = A5776BA92663A28800A36BA5 /* Assets.xcassets */; };
		A5776BAD2663A28800A36BA5 /* Preview Assets.xcassets in Resources */ = {isa = PBXBuildFile; fileRef = A5776BAC2663A28800A36BA5 /* Preview Assets.xcassets */; };
		A5776BB82663A28800A36BA5 /* iosBleSdkTestAppTests.swift in Sources */ = {isa = PBXBuildFile; fileRef = A5776BB72663A28800A36BA5 /* iosBleSdkTestAppTests.swift */; };
		A5776BC32663A28800A36BA5 /* iosBleSdkTestAppUITests.swift in Sources */ = {isa = PBXBuildFile; fileRef = A5776BC22663A28800A36BA5 /* iosBleSdkTestAppUITests.swift */; };
		A5776BD12663A58E00A36BA5 /* PolarBleSdkManager.swift in Sources */ = {isa = PBXBuildFile; fileRef = A5776BD02663A58E00A36BA5 /* PolarBleSdkManager.swift */; };
		A5817DFB2962A5C00093A2EC /* OfflineRecordingFeature.swift in Sources */ = {isa = PBXBuildFile; fileRef = A5817DFA2962A5C00093A2EC /* OfflineRecordingFeature.swift */; };
		A58C85DF2679E45800F88DE7 /* UiHelper.swift in Sources */ = {isa = PBXBuildFile; fileRef = A58C85DE2679E45800F88DE7 /* UiHelper.swift */; };
		A58F0CAA2982A75A00B5615C /* OfflineRecordingData.swift in Sources */ = {isa = PBXBuildFile; fileRef = A58F0CA92982A75A00B5615C /* OfflineRecordingData.swift */; };
		A59A0D2B2990C9C9007D30A3 /* DeviceTimeSetupFeature.swift in Sources */ = {isa = PBXBuildFile; fileRef = A59A0D2A2990C9C9007D30A3 /* DeviceTimeSetupFeature.swift */; };
		A59A0D2D2990D2C6007D30A3 /* SdkModeFeature.swift in Sources */ = {isa = PBXBuildFile; fileRef = A59A0D2C2990D2C6007D30A3 /* SdkModeFeature.swift */; };
		A59A0D332990EB09007D30A3 /* H10ExerciseRecordingFeature.swift in Sources */ = {isa = PBXBuildFile; fileRef = A59A0D322990EB09007D30A3 /* H10ExerciseRecordingFeature.swift */; };
		A59A0D35299111A2007D30A3 /* DeviceInfoFeature.swift in Sources */ = {isa = PBXBuildFile; fileRef = A59A0D34299111A2007D30A3 /* DeviceInfoFeature.swift */; };
		A59A0D3729911488007D30A3 /* BatteryStatusFeature.swift in Sources */ = {isa = PBXBuildFile; fileRef = A59A0D3629911488007D30A3 /* BatteryStatusFeature.swift */; };
		A59A0D3929912C35007D30A3 /* DeviceConnectionState.swift in Sources */ = {isa = PBXBuildFile; fileRef = A59A0D3829912C35007D30A3 /* DeviceConnectionState.swift */; };
		A5D8E1922678CDCD0013464E /* SettingsView.swift in Sources */ = {isa = PBXBuildFile; fileRef = A5D8E1912678CDCD0013464E /* SettingsView.swift */; };
		A5DE094C295AFEC600BC2E0B /* OnlineStreamsView.swift in Sources */ = {isa = PBXBuildFile; fileRef = A5DE094B295AFEC600BC2E0B /* OnlineStreamsView.swift */; };
		A5DE094E295AFF4700BC2E0B /* OfflineRecordingView.swift in Sources */ = {isa = PBXBuildFile; fileRef = A5DE094D295AFF4700BC2E0B /* OfflineRecordingView.swift */; };
		A5DE0950295AFF9300BC2E0B /* H10ExerciseView.swift in Sources */ = {isa = PBXBuildFile; fileRef = A5DE094F295AFF9300BC2E0B /* H10ExerciseView.swift */; };
		A5DE0952295AFFC500BC2E0B /* DeviceSettingsView.swift in Sources */ = {isa = PBXBuildFile; fileRef = A5DE0951295AFFC500BC2E0B /* DeviceSettingsView.swift */; };
/* End PBXBuildFile section */

/* Begin PBXContainerItemProxy section */
		A5776BB42663A28800A36BA5 /* PBXContainerItemProxy */ = {
			isa = PBXContainerItemProxy;
			containerPortal = A5776B9A2663A28700A36BA5 /* Project object */;
			proxyType = 1;
			remoteGlobalIDString = A5776BA12663A28700A36BA5;
			remoteInfo = iosBleSdkTestApp;
		};
		A5776BBF2663A28800A36BA5 /* PBXContainerItemProxy */ = {
			isa = PBXContainerItemProxy;
			containerPortal = A5776B9A2663A28700A36BA5 /* Project object */;
			proxyType = 1;
			remoteGlobalIDString = A5776BA12663A28700A36BA5;
			remoteInfo = iosBleSdkTestApp;
		};
/* End PBXContainerItemProxy section */

/* Begin PBXFileReference section */
		1A7F80B61D7E48292C9247C1 /* Pods_iosBleSdkTestApp.framework */ = {isa = PBXFileReference; explicitFileType = wrapper.framework; includeInIndex = 0; path = Pods_iosBleSdkTestApp.framework; sourceTree = BUILT_PRODUCTS_DIR; };
		9ECABE1D934A051155D213D7 /* Pods-iosBleSdkTestApp.release.xcconfig */ = {isa = PBXFileReference; includeInIndex = 1; lastKnownFileType = text.xcconfig; name = "Pods-iosBleSdkTestApp.release.xcconfig"; path = "Target Support Files/Pods-iosBleSdkTestApp/Pods-iosBleSdkTestApp.release.xcconfig"; sourceTree = "<group>"; };
		A50C368D267B162E00D9F150 /* ButtonStyle.swift */ = {isa = PBXFileReference; lastKnownFileType = sourcecode.swift; path = ButtonStyle.swift; sourceTree = "<group>"; };
		A50C3690267B271300D9F150 /* RecordingSettings.swift */ = {isa = PBXFileReference; lastKnownFileType = sourcecode.swift; path = RecordingSettings.swift; sourceTree = "<group>"; };
		A5223EBC2AA5EA2B00DFB5F9 /* LedAnimationFeature.swift */ = {isa = PBXFileReference; lastKnownFileType = sourcecode.swift; path = LedAnimationFeature.swift; sourceTree = "<group>"; };
		A5367D1626676CB100CDDEBE /* Messages.swift */ = {isa = PBXFileReference; lastKnownFileType = sourcecode.swift; path = Messages.swift; sourceTree = "<group>"; };
		A54395CF29C99D5600356E38 /* DeviceSearchView.swift */ = {isa = PBXFileReference; lastKnownFileType = sourcecode.swift; path = DeviceSearchView.swift; sourceTree = "<group>"; };
		A54395D129C99ECD00356E38 /* DeviceSearch.swift */ = {isa = PBXFileReference; lastKnownFileType = sourcecode.swift; path = DeviceSearch.swift; sourceTree = "<group>"; };
		A54395D329C9D5FD00356E38 /* DeviceSearchRow.swift */ = {isa = PBXFileReference; lastKnownFileType = sourcecode.swift; path = DeviceSearchRow.swift; sourceTree = "<group>"; };
		A54EC6DF29643D8300E1B910 /* OfflineRecordingStartView.swift */ = {isa = PBXFileReference; lastKnownFileType = sourcecode.swift; path = OfflineRecordingStartView.swift; sourceTree = "<group>"; };
		A54EC6E129643D9700E1B910 /* OfflineRecordingListView.swift */ = {isa = PBXFileReference; lastKnownFileType = sourcecode.swift; path = OfflineRecordingListView.swift; sourceTree = "<group>"; };
		A54EC6E5296456DB00E1B910 /* OfflineRecordingDetailsView.swift */ = {isa = PBXFileReference; lastKnownFileType = sourcecode.swift; path = OfflineRecordingDetailsView.swift; sourceTree = "<group>"; };
		A54EC6E72964574000E1B910 /* OfflineRecordingEntries.swift */ = {isa = PBXFileReference; lastKnownFileType = sourcecode.swift; path = OfflineRecordingEntries.swift; sourceTree = "<group>"; };
		A54EC6E92964590000E1B910 /* OfflineRecordingEntriesRow.swift */ = {isa = PBXFileReference; lastKnownFileType = sourcecode.swift; path = OfflineRecordingEntriesRow.swift; sourceTree = "<group>"; };
		A55604CB298BA3E900DB6EDB /* OnlineStreamingFeature.swift */ = {isa = PBXFileReference; lastKnownFileType = sourcecode.swift; path = OnlineStreamingFeature.swift; sourceTree = "<group>"; };
		A5776BA22663A28700A36BA5 /* iosBleSdkTestApp.app */ = {isa = PBXFileReference; explicitFileType = wrapper.application; includeInIndex = 0; path = iosBleSdkTestApp.app; sourceTree = BUILT_PRODUCTS_DIR; };
		A5776BA52663A28700A36BA5 /* iosBleSdkTestApp.swift */ = {isa = PBXFileReference; lastKnownFileType = sourcecode.swift; path = iosBleSdkTestApp.swift; sourceTree = "<group>"; };
		A5776BA72663A28700A36BA5 /* ContentView.swift */ = {isa = PBXFileReference; lastKnownFileType = sourcecode.swift; path = ContentView.swift; sourceTree = "<group>"; };
		A5776BA92663A28800A36BA5 /* Assets.xcassets */ = {isa = PBXFileReference; lastKnownFileType = folder.assetcatalog; path = Assets.xcassets; sourceTree = "<group>"; };
		A5776BAC2663A28800A36BA5 /* Preview Assets.xcassets */ = {isa = PBXFileReference; lastKnownFileType = folder.assetcatalog; path = "Preview Assets.xcassets"; sourceTree = "<group>"; };
		A5776BAE2663A28800A36BA5 /* Info.plist */ = {isa = PBXFileReference; lastKnownFileType = text.plist.xml; path = Info.plist; sourceTree = "<group>"; };
		A5776BB32663A28800A36BA5 /* iosBleSdkTestAppTests.xctest */ = {isa = PBXFileReference; explicitFileType = wrapper.cfbundle; includeInIndex = 0; path = iosBleSdkTestAppTests.xctest; sourceTree = BUILT_PRODUCTS_DIR; };
		A5776BB72663A28800A36BA5 /* iosBleSdkTestAppTests.swift */ = {isa = PBXFileReference; lastKnownFileType = sourcecode.swift; path = iosBleSdkTestAppTests.swift; sourceTree = "<group>"; };
		A5776BB92663A28800A36BA5 /* Info.plist */ = {isa = PBXFileReference; lastKnownFileType = text.plist.xml; path = Info.plist; sourceTree = "<group>"; };
		A5776BBE2663A28800A36BA5 /* iosBleSdkTestAppUITests.xctest */ = {isa = PBXFileReference; explicitFileType = wrapper.cfbundle; includeInIndex = 0; path = iosBleSdkTestAppUITests.xctest; sourceTree = BUILT_PRODUCTS_DIR; };
		A5776BC22663A28800A36BA5 /* iosBleSdkTestAppUITests.swift */ = {isa = PBXFileReference; lastKnownFileType = sourcecode.swift; path = iosBleSdkTestAppUITests.swift; sourceTree = "<group>"; };
		A5776BC42663A28800A36BA5 /* Info.plist */ = {isa = PBXFileReference; lastKnownFileType = text.plist.xml; path = Info.plist; sourceTree = "<group>"; };
		A5776BD02663A58E00A36BA5 /* PolarBleSdkManager.swift */ = {isa = PBXFileReference; lastKnownFileType = sourcecode.swift; path = PolarBleSdkManager.swift; sourceTree = "<group>"; };
		A5817DFA2962A5C00093A2EC /* OfflineRecordingFeature.swift */ = {isa = PBXFileReference; lastKnownFileType = sourcecode.swift; path = OfflineRecordingFeature.swift; sourceTree = "<group>"; };
		A58C85DE2679E45800F88DE7 /* UiHelper.swift */ = {isa = PBXFileReference; lastKnownFileType = sourcecode.swift; path = UiHelper.swift; sourceTree = "<group>"; };
		A58F0CA92982A75A00B5615C /* OfflineRecordingData.swift */ = {isa = PBXFileReference; lastKnownFileType = sourcecode.swift; path = OfflineRecordingData.swift; sourceTree = "<group>"; };
		A59A0D2A2990C9C9007D30A3 /* DeviceTimeSetupFeature.swift */ = {isa = PBXFileReference; lastKnownFileType = sourcecode.swift; path = DeviceTimeSetupFeature.swift; sourceTree = "<group>"; };
		A59A0D2C2990D2C6007D30A3 /* SdkModeFeature.swift */ = {isa = PBXFileReference; lastKnownFileType = sourcecode.swift; path = SdkModeFeature.swift; sourceTree = "<group>"; };
		A59A0D322990EB09007D30A3 /* H10ExerciseRecordingFeature.swift */ = {isa = PBXFileReference; lastKnownFileType = sourcecode.swift; path = H10ExerciseRecordingFeature.swift; sourceTree = "<group>"; };
		A59A0D34299111A2007D30A3 /* DeviceInfoFeature.swift */ = {isa = PBXFileReference; lastKnownFileType = sourcecode.swift; path = DeviceInfoFeature.swift; sourceTree = "<group>"; };
		A59A0D3629911488007D30A3 /* BatteryStatusFeature.swift */ = {isa = PBXFileReference; lastKnownFileType = sourcecode.swift; path = BatteryStatusFeature.swift; sourceTree = "<group>"; };
		A59A0D3829912C35007D30A3 /* DeviceConnectionState.swift */ = {isa = PBXFileReference; lastKnownFileType = sourcecode.swift; path = DeviceConnectionState.swift; sourceTree = "<group>"; };
		A5D8E1912678CDCD0013464E /* SettingsView.swift */ = {isa = PBXFileReference; lastKnownFileType = sourcecode.swift; path = SettingsView.swift; sourceTree = "<group>"; };
		A5DE094B295AFEC600BC2E0B /* OnlineStreamsView.swift */ = {isa = PBXFileReference; lastKnownFileType = sourcecode.swift; path = OnlineStreamsView.swift; sourceTree = "<group>"; };
		A5DE094D295AFF4700BC2E0B /* OfflineRecordingView.swift */ = {isa = PBXFileReference; lastKnownFileType = sourcecode.swift; path = OfflineRecordingView.swift; sourceTree = "<group>"; };
		A5DE094F295AFF9300BC2E0B /* H10ExerciseView.swift */ = {isa = PBXFileReference; lastKnownFileType = sourcecode.swift; path = H10ExerciseView.swift; sourceTree = "<group>"; };
		A5DE0951295AFFC500BC2E0B /* DeviceSettingsView.swift */ = {isa = PBXFileReference; lastKnownFileType = sourcecode.swift; path = DeviceSettingsView.swift; sourceTree = "<group>"; };
		BA3084F6EA55516A4A52FF9C /* Pods-iosBleSdkTestApp.debug.xcconfig */ = {isa = PBXFileReference; includeInIndex = 1; lastKnownFileType = text.xcconfig; name = "Pods-iosBleSdkTestApp.debug.xcconfig"; path = "Target Support Files/Pods-iosBleSdkTestApp/Pods-iosBleSdkTestApp.debug.xcconfig"; sourceTree = "<group>"; };
/* End PBXFileReference section */

/* Begin PBXFrameworksBuildPhase section */
		A5776B9F2663A28700A36BA5 /* Frameworks */ = {
			isa = PBXFrameworksBuildPhase;
			buildActionMask = 2147483647;
			files = (
				0F648239B2A238FB9C836174 /* Pods_iosBleSdkTestApp.framework in Frameworks */,
			);
			runOnlyForDeploymentPostprocessing = 0;
		};
		A5776BB02663A28800A36BA5 /* Frameworks */ = {
			isa = PBXFrameworksBuildPhase;
			buildActionMask = 2147483647;
			files = (
			);
			runOnlyForDeploymentPostprocessing = 0;
		};
		A5776BBB2663A28800A36BA5 /* Frameworks */ = {
			isa = PBXFrameworksBuildPhase;
			buildActionMask = 2147483647;
			files = (
			);
			runOnlyForDeploymentPostprocessing = 0;
		};
/* End PBXFrameworksBuildPhase section */

/* Begin PBXGroup section */
		5223F873FFA6B05A05A26657 /* Pods */ = {
			isa = PBXGroup;
			children = (
				BA3084F6EA55516A4A52FF9C /* Pods-iosBleSdkTestApp.debug.xcconfig */,
				9ECABE1D934A051155D213D7 /* Pods-iosBleSdkTestApp.release.xcconfig */,
			);
			path = Pods;
			sourceTree = "<group>";
		};
		59CE4158A326D512E18A10C7 /* Frameworks */ = {
			isa = PBXGroup;
			children = (
				1A7F80B61D7E48292C9247C1 /* Pods_iosBleSdkTestApp.framework */,
			);
			name = Frameworks;
			sourceTree = "<group>";
		};
		A50C368C267B161400D9F150 /* Styles */ = {
			isa = PBXGroup;
			children = (
				A50C368D267B162E00D9F150 /* ButtonStyle.swift */,
			);
			path = Styles;
			sourceTree = "<group>";
		};
		A5367D1426676C7100CDDEBE /* Views */ = {
			isa = PBXGroup;
			children = (
				A54395CE29C99D3C00356E38 /* DeviceSearch */,
				A5D2225D297A603D00972806 /* DeviceSettings */,
				A5D2225C297A5FFF00972806 /* H10Exercise */,
				A5D2225B297A5FCD00972806 /* OnlineStreaming */,
				A54EC6DE29643D4400E1B910 /* OfflineRecording */,
				A50C368C267B161400D9F150 /* Styles */,
				A5776BA72663A28700A36BA5 /* ContentView.swift */,
				A5D8E1912678CDCD0013464E /* SettingsView.swift */,
				A58C85DE2679E45800F88DE7 /* UiHelper.swift */,
			);
			path = Views;
			sourceTree = "<group>";
		};
		A5367D1526676C8F00CDDEBE /* Models */ = {
			isa = PBXGroup;
			children = (
				A5367D1626676CB100CDDEBE /* Messages.swift */,
				A50C3690267B271300D9F150 /* RecordingSettings.swift */,
				A5817DFA2962A5C00093A2EC /* OfflineRecordingFeature.swift */,
				A54EC6E72964574000E1B910 /* OfflineRecordingEntries.swift */,
				A58F0CA92982A75A00B5615C /* OfflineRecordingData.swift */,
				A55604CB298BA3E900DB6EDB /* OnlineStreamingFeature.swift */,
				A59A0D2A2990C9C9007D30A3 /* DeviceTimeSetupFeature.swift */,
				A59A0D2C2990D2C6007D30A3 /* SdkModeFeature.swift */,
				A59A0D322990EB09007D30A3 /* H10ExerciseRecordingFeature.swift */,
				A59A0D34299111A2007D30A3 /* DeviceInfoFeature.swift */,
				A59A0D3629911488007D30A3 /* BatteryStatusFeature.swift */,
				A59A0D3829912C35007D30A3 /* DeviceConnectionState.swift */,
				A54395D129C99ECD00356E38 /* DeviceSearch.swift */,
				A5223EBC2AA5EA2B00DFB5F9 /* LedAnimationFeature.swift */,
			);
			path = Models;
			sourceTree = "<group>";
		};
		A54395CE29C99D3C00356E38 /* DeviceSearch */ = {
			isa = PBXGroup;
			children = (
				A54395CF29C99D5600356E38 /* DeviceSearchView.swift */,
				A54395D329C9D5FD00356E38 /* DeviceSearchRow.swift */,
			);
			path = DeviceSearch;
			sourceTree = "<group>";
		};
		A54EC6DE29643D4400E1B910 /* OfflineRecording */ = {
			isa = PBXGroup;
			children = (
				A5DE094D295AFF4700BC2E0B /* OfflineRecordingView.swift */,
				A54EC6DF29643D8300E1B910 /* OfflineRecordingStartView.swift */,
				A54EC6E129643D9700E1B910 /* OfflineRecordingListView.swift */,
				A54EC6E5296456DB00E1B910 /* OfflineRecordingDetailsView.swift */,
				A54EC6E92964590000E1B910 /* OfflineRecordingEntriesRow.swift */,
			);
			path = OfflineRecording;
			sourceTree = "<group>";
		};
		A5776B992663A28700A36BA5 = {
			isa = PBXGroup;
			children = (
				A5776BA42663A28700A36BA5 /* iosBleSdkTestApp */,
				A5776BB62663A28800A36BA5 /* iosBleSdkTestAppTests */,
				A5776BC12663A28800A36BA5 /* iosBleSdkTestAppUITests */,
				A5776BA32663A28700A36BA5 /* Products */,
				5223F873FFA6B05A05A26657 /* Pods */,
				59CE4158A326D512E18A10C7 /* Frameworks */,
			);
			sourceTree = "<group>";
		};
		A5776BA32663A28700A36BA5 /* Products */ = {
			isa = PBXGroup;
			children = (
				A5776BA22663A28700A36BA5 /* iosBleSdkTestApp.app */,
				A5776BB32663A28800A36BA5 /* iosBleSdkTestAppTests.xctest */,
				A5776BBE2663A28800A36BA5 /* iosBleSdkTestAppUITests.xctest */,
			);
			name = Products;
			sourceTree = "<group>";
		};
		A5776BA42663A28700A36BA5 /* iosBleSdkTestApp */ = {
			isa = PBXGroup;
			children = (
				A5776BA52663A28700A36BA5 /* iosBleSdkTestApp.swift */,
				A5776BD02663A58E00A36BA5 /* PolarBleSdkManager.swift */,
				A5367D1526676C8F00CDDEBE /* Models */,
				A5367D1426676C7100CDDEBE /* Views */,
				A5776BA92663A28800A36BA5 /* Assets.xcassets */,
				A5776BAE2663A28800A36BA5 /* Info.plist */,
				A5776BAB2663A28800A36BA5 /* Preview Content */,
			);
			path = iosBleSdkTestApp;
			sourceTree = "<group>";
		};
		A5776BAB2663A28800A36BA5 /* Preview Content */ = {
			isa = PBXGroup;
			children = (
				A5776BAC2663A28800A36BA5 /* Preview Assets.xcassets */,
			);
			path = "Preview Content";
			sourceTree = "<group>";
		};
		A5776BB62663A28800A36BA5 /* iosBleSdkTestAppTests */ = {
			isa = PBXGroup;
			children = (
				A5776BB72663A28800A36BA5 /* iosBleSdkTestAppTests.swift */,
				A5776BB92663A28800A36BA5 /* Info.plist */,
			);
			path = iosBleSdkTestAppTests;
			sourceTree = "<group>";
		};
		A5776BC12663A28800A36BA5 /* iosBleSdkTestAppUITests */ = {
			isa = PBXGroup;
			children = (
				A5776BC22663A28800A36BA5 /* iosBleSdkTestAppUITests.swift */,
				A5776BC42663A28800A36BA5 /* Info.plist */,
			);
			path = iosBleSdkTestAppUITests;
			sourceTree = "<group>";
		};
		A5D2225B297A5FCD00972806 /* OnlineStreaming */ = {
			isa = PBXGroup;
			children = (
				A5DE094B295AFEC600BC2E0B /* OnlineStreamsView.swift */,
			);
			path = OnlineStreaming;
			sourceTree = "<group>";
		};
		A5D2225C297A5FFF00972806 /* H10Exercise */ = {
			isa = PBXGroup;
			children = (
				A5DE094F295AFF9300BC2E0B /* H10ExerciseView.swift */,
			);
			path = H10Exercise;
			sourceTree = "<group>";
		};
		A5D2225D297A603D00972806 /* DeviceSettings */ = {
			isa = PBXGroup;
			children = (
				A5DE0951295AFFC500BC2E0B /* DeviceSettingsView.swift */,
			);
			path = DeviceSettings;
			sourceTree = "<group>";
		};
/* End PBXGroup section */

/* Begin PBXNativeTarget section */
		A5776BA12663A28700A36BA5 /* iosBleSdkTestApp */ = {
			isa = PBXNativeTarget;
			buildConfigurationList = A5776BC72663A28800A36BA5 /* Build configuration list for PBXNativeTarget "iosBleSdkTestApp" */;
			buildPhases = (
				622D4CAAE63DA1A158B98F39 /* [CP] Check Pods Manifest.lock */,
				A5776B9E2663A28700A36BA5 /* Sources */,
				A5776B9F2663A28700A36BA5 /* Frameworks */,
				A5776BA02663A28700A36BA5 /* Resources */,
				BB494F49976BC3E2E872584A /* [CP] Embed Pods Frameworks */,
			);
			buildRules = (
			);
			dependencies = (
			);
			name = iosBleSdkTestApp;
			productName = iosBleSdkTestApp;
			productReference = A5776BA22663A28700A36BA5 /* iosBleSdkTestApp.app */;
			productType = "com.apple.product-type.application";
		};
		A5776BB22663A28800A36BA5 /* iosBleSdkTestAppTests */ = {
			isa = PBXNativeTarget;
			buildConfigurationList = A5776BCA2663A28800A36BA5 /* Build configuration list for PBXNativeTarget "iosBleSdkTestAppTests" */;
			buildPhases = (
				A5776BAF2663A28800A36BA5 /* Sources */,
				A5776BB02663A28800A36BA5 /* Frameworks */,
				A5776BB12663A28800A36BA5 /* Resources */,
			);
			buildRules = (
			);
			dependencies = (
				A5776BB52663A28800A36BA5 /* PBXTargetDependency */,
			);
			name = iosBleSdkTestAppTests;
			productName = iosBleSdkTestAppTests;
			productReference = A5776BB32663A28800A36BA5 /* iosBleSdkTestAppTests.xctest */;
			productType = "com.apple.product-type.bundle.unit-test";
		};
		A5776BBD2663A28800A36BA5 /* iosBleSdkTestAppUITests */ = {
			isa = PBXNativeTarget;
			buildConfigurationList = A5776BCD2663A28800A36BA5 /* Build configuration list for PBXNativeTarget "iosBleSdkTestAppUITests" */;
			buildPhases = (
				A5776BBA2663A28800A36BA5 /* Sources */,
				A5776BBB2663A28800A36BA5 /* Frameworks */,
				A5776BBC2663A28800A36BA5 /* Resources */,
			);
			buildRules = (
			);
			dependencies = (
				A5776BC02663A28800A36BA5 /* PBXTargetDependency */,
			);
			name = iosBleSdkTestAppUITests;
			productName = iosBleSdkTestAppUITests;
			productReference = A5776BBE2663A28800A36BA5 /* iosBleSdkTestAppUITests.xctest */;
			productType = "com.apple.product-type.bundle.ui-testing";
		};
/* End PBXNativeTarget section */

/* Begin PBXProject section */
		A5776B9A2663A28700A36BA5 /* Project object */ = {
			isa = PBXProject;
			attributes = {
				LastSwiftUpdateCheck = 1250;
				LastUpgradeCheck = 1250;
				TargetAttributes = {
					A5776BA12663A28700A36BA5 = {
						CreatedOnToolsVersion = 12.5;
					};
					A5776BB22663A28800A36BA5 = {
						CreatedOnToolsVersion = 12.5;
						TestTargetID = A5776BA12663A28700A36BA5;
					};
					A5776BBD2663A28800A36BA5 = {
						CreatedOnToolsVersion = 12.5;
						TestTargetID = A5776BA12663A28700A36BA5;
					};
				};
			};
			buildConfigurationList = A5776B9D2663A28700A36BA5 /* Build configuration list for PBXProject "iosBleSdkTestApp" */;
			compatibilityVersion = "Xcode 9.3";
			developmentRegion = en;
			hasScannedForEncodings = 0;
			knownRegions = (
				en,
				Base,
			);
			mainGroup = A5776B992663A28700A36BA5;
			productRefGroup = A5776BA32663A28700A36BA5 /* Products */;
			projectDirPath = "";
			projectRoot = "";
			targets = (
				A5776BA12663A28700A36BA5 /* iosBleSdkTestApp */,
				A5776BB22663A28800A36BA5 /* iosBleSdkTestAppTests */,
				A5776BBD2663A28800A36BA5 /* iosBleSdkTestAppUITests */,
			);
		};
/* End PBXProject section */

/* Begin PBXResourcesBuildPhase section */
		A5776BA02663A28700A36BA5 /* Resources */ = {
			isa = PBXResourcesBuildPhase;
			buildActionMask = 2147483647;
			files = (
				A5776BAD2663A28800A36BA5 /* Preview Assets.xcassets in Resources */,
				A5776BAA2663A28800A36BA5 /* Assets.xcassets in Resources */,
			);
			runOnlyForDeploymentPostprocessing = 0;
		};
		A5776BB12663A28800A36BA5 /* Resources */ = {
			isa = PBXResourcesBuildPhase;
			buildActionMask = 2147483647;
			files = (
			);
			runOnlyForDeploymentPostprocessing = 0;
		};
		A5776BBC2663A28800A36BA5 /* Resources */ = {
			isa = PBXResourcesBuildPhase;
			buildActionMask = 2147483647;
			files = (
			);
			runOnlyForDeploymentPostprocessing = 0;
		};
/* End PBXResourcesBuildPhase section */

/* Begin PBXShellScriptBuildPhase section */
		622D4CAAE63DA1A158B98F39 /* [CP] Check Pods Manifest.lock */ = {
			isa = PBXShellScriptBuildPhase;
			buildActionMask = 2147483647;
			files = (
			);
			inputFileListPaths = (
			);
			inputPaths = (
				"${PODS_PODFILE_DIR_PATH}/Podfile.lock",
				"${PODS_ROOT}/Manifest.lock",
			);
			name = "[CP] Check Pods Manifest.lock";
			outputFileListPaths = (
			);
			outputPaths = (
				"$(DERIVED_FILE_DIR)/Pods-iosBleSdkTestApp-checkManifestLockResult.txt",
			);
			runOnlyForDeploymentPostprocessing = 0;
			shellPath = /bin/sh;
			shellScript = "diff \"${PODS_PODFILE_DIR_PATH}/Podfile.lock\" \"${PODS_ROOT}/Manifest.lock\" > /dev/null\nif [ $? != 0 ] ; then\n    # print error to STDERR\n    echo \"error: The sandbox is not in sync with the Podfile.lock. Run 'pod install' or update your CocoaPods installation.\" >&2\n    exit 1\nfi\n# This output is used by Xcode 'outputs' to avoid re-running this script phase.\necho \"SUCCESS\" > \"${SCRIPT_OUTPUT_FILE_0}\"\n";
			showEnvVarsInLog = 0;
		};
		BB494F49976BC3E2E872584A /* [CP] Embed Pods Frameworks */ = {
			isa = PBXShellScriptBuildPhase;
			buildActionMask = 2147483647;
			files = (
			);
			inputFileListPaths = (
				"${PODS_ROOT}/Target Support Files/Pods-iosBleSdkTestApp/Pods-iosBleSdkTestApp-frameworks-${CONFIGURATION}-input-files.xcfilelist",
			);
			name = "[CP] Embed Pods Frameworks";
			outputFileListPaths = (
				"${PODS_ROOT}/Target Support Files/Pods-iosBleSdkTestApp/Pods-iosBleSdkTestApp-frameworks-${CONFIGURATION}-output-files.xcfilelist",
			);
			runOnlyForDeploymentPostprocessing = 0;
			shellPath = /bin/sh;
			shellScript = "\"${PODS_ROOT}/Target Support Files/Pods-iosBleSdkTestApp/Pods-iosBleSdkTestApp-frameworks.sh\"\n";
			showEnvVarsInLog = 0;
		};
/* End PBXShellScriptBuildPhase section */

/* Begin PBXSourcesBuildPhase section */
		A5776B9E2663A28700A36BA5 /* Sources */ = {
			isa = PBXSourcesBuildPhase;
			buildActionMask = 2147483647;
			files = (
				A59A0D2B2990C9C9007D30A3 /* DeviceTimeSetupFeature.swift in Sources */,
				A54395D429C9D5FD00356E38 /* DeviceSearchRow.swift in Sources */,
				A59A0D3729911488007D30A3 /* BatteryStatusFeature.swift in Sources */,
				A54EC6E6296456DB00E1B910 /* OfflineRecordingDetailsView.swift in Sources */,
				A5D8E1922678CDCD0013464E /* SettingsView.swift in Sources */,
				A54EC6EA2964590000E1B910 /* OfflineRecordingEntriesRow.swift in Sources */,
				A5367D1726676CB100CDDEBE /* Messages.swift in Sources */,
				A58F0CAA2982A75A00B5615C /* OfflineRecordingData.swift in Sources */,
				A54395D029C99D5600356E38 /* DeviceSearchView.swift in Sources */,
				A59A0D332990EB09007D30A3 /* H10ExerciseRecordingFeature.swift in Sources */,
				A54EC6E029643D8300E1B910 /* OfflineRecordingStartView.swift in Sources */,
				A54EC6E229643D9700E1B910 /* OfflineRecordingListView.swift in Sources */,
				A5817DFB2962A5C00093A2EC /* OfflineRecordingFeature.swift in Sources */,
				A5DE0950295AFF9300BC2E0B /* H10ExerciseView.swift in Sources */,
				A59A0D35299111A2007D30A3 /* DeviceInfoFeature.swift in Sources */,
				A54395D229C99ECD00356E38 /* DeviceSearch.swift in Sources */,
				A59A0D2D2990D2C6007D30A3 /* SdkModeFeature.swift in Sources */,
				A55604CC298BA3E900DB6EDB /* OnlineStreamingFeature.swift in Sources */,
				A5776BA82663A28700A36BA5 /* ContentView.swift in Sources */,
				A5223EBD2AA5EA2B00DFB5F9 /* LedAnimationFeature.swift in Sources */,
				A54EC6E82964574000E1B910 /* OfflineRecordingEntries.swift in Sources */,
				A58C85DF2679E45800F88DE7 /* UiHelper.swift in Sources */,
				A5DE094E295AFF4700BC2E0B /* OfflineRecordingView.swift in Sources */,
				A50C3691267B271300D9F150 /* RecordingSettings.swift in Sources */,
				A5DE0952295AFFC500BC2E0B /* DeviceSettingsView.swift in Sources */,
				A50C368E267B162E00D9F150 /* ButtonStyle.swift in Sources */,
				A5776BD12663A58E00A36BA5 /* PolarBleSdkManager.swift in Sources */,
				A59A0D3929912C35007D30A3 /* DeviceConnectionState.swift in Sources */,
				A5776BA62663A28700A36BA5 /* iosBleSdkTestApp.swift in Sources */,
				A5DE094C295AFEC600BC2E0B /* OnlineStreamsView.swift in Sources */,
			);
			runOnlyForDeploymentPostprocessing = 0;
		};
		A5776BAF2663A28800A36BA5 /* Sources */ = {
			isa = PBXSourcesBuildPhase;
			buildActionMask = 2147483647;
			files = (
				A5776BB82663A28800A36BA5 /* iosBleSdkTestAppTests.swift in Sources */,
			);
			runOnlyForDeploymentPostprocessing = 0;
		};
		A5776BBA2663A28800A36BA5 /* Sources */ = {
			isa = PBXSourcesBuildPhase;
			buildActionMask = 2147483647;
			files = (
				A5776BC32663A28800A36BA5 /* iosBleSdkTestAppUITests.swift in Sources */,
			);
			runOnlyForDeploymentPostprocessing = 0;
		};
/* End PBXSourcesBuildPhase section */

/* Begin PBXTargetDependency section */
		A5776BB52663A28800A36BA5 /* PBXTargetDependency */ = {
			isa = PBXTargetDependency;
			target = A5776BA12663A28700A36BA5 /* iosBleSdkTestApp */;
			targetProxy = A5776BB42663A28800A36BA5 /* PBXContainerItemProxy */;
		};
		A5776BC02663A28800A36BA5 /* PBXTargetDependency */ = {
			isa = PBXTargetDependency;
			target = A5776BA12663A28700A36BA5 /* iosBleSdkTestApp */;
			targetProxy = A5776BBF2663A28800A36BA5 /* PBXContainerItemProxy */;
		};
/* End PBXTargetDependency section */

/* Begin XCBuildConfiguration section */
		A5776BC52663A28800A36BA5 /* Debug */ = {
			isa = XCBuildConfiguration;
			buildSettings = {
				ALWAYS_SEARCH_USER_PATHS = NO;
				CLANG_ANALYZER_NONNULL = YES;
				CLANG_ANALYZER_NUMBER_OBJECT_CONVERSION = YES_AGGRESSIVE;
				CLANG_CXX_LANGUAGE_STANDARD = "gnu++14";
				CLANG_CXX_LIBRARY = "libc++";
				CLANG_ENABLE_MODULES = YES;
				CLANG_ENABLE_OBJC_ARC = YES;
				CLANG_ENABLE_OBJC_WEAK = YES;
				CLANG_WARN_BLOCK_CAPTURE_AUTORELEASING = YES;
				CLANG_WARN_BOOL_CONVERSION = YES;
				CLANG_WARN_COMMA = YES;
				CLANG_WARN_CONSTANT_CONVERSION = YES;
				CLANG_WARN_DEPRECATED_OBJC_IMPLEMENTATIONS = YES;
				CLANG_WARN_DIRECT_OBJC_ISA_USAGE = YES_ERROR;
				CLANG_WARN_DOCUMENTATION_COMMENTS = YES;
				CLANG_WARN_EMPTY_BODY = YES;
				CLANG_WARN_ENUM_CONVERSION = YES;
				CLANG_WARN_INFINITE_RECURSION = YES;
				CLANG_WARN_INT_CONVERSION = YES;
				CLANG_WARN_NON_LITERAL_NULL_CONVERSION = YES;
				CLANG_WARN_OBJC_IMPLICIT_RETAIN_SELF = YES;
				CLANG_WARN_OBJC_LITERAL_CONVERSION = YES;
				CLANG_WARN_OBJC_ROOT_CLASS = YES_ERROR;
				CLANG_WARN_QUOTED_INCLUDE_IN_FRAMEWORK_HEADER = YES;
				CLANG_WARN_RANGE_LOOP_ANALYSIS = YES;
				CLANG_WARN_STRICT_PROTOTYPES = YES;
				CLANG_WARN_SUSPICIOUS_MOVE = YES;
				CLANG_WARN_UNGUARDED_AVAILABILITY = YES_AGGRESSIVE;
				CLANG_WARN_UNREACHABLE_CODE = YES;
				CLANG_WARN__DUPLICATE_METHOD_MATCH = YES;
				COPY_PHASE_STRIP = NO;
				DEBUG_INFORMATION_FORMAT = dwarf;
				ENABLE_STRICT_OBJC_MSGSEND = YES;
				ENABLE_TESTABILITY = YES;
				GCC_C_LANGUAGE_STANDARD = gnu11;
				GCC_DYNAMIC_NO_PIC = NO;
				GCC_NO_COMMON_BLOCKS = YES;
				GCC_OPTIMIZATION_LEVEL = 0;
				GCC_PREPROCESSOR_DEFINITIONS = (
					"DEBUG=1",
					"$(inherited)",
				);
				GCC_WARN_64_TO_32_BIT_CONVERSION = YES;
				GCC_WARN_ABOUT_RETURN_TYPE = YES_ERROR;
				GCC_WARN_UNDECLARED_SELECTOR = YES;
				GCC_WARN_UNINITIALIZED_AUTOS = YES_AGGRESSIVE;
				GCC_WARN_UNUSED_FUNCTION = YES;
				GCC_WARN_UNUSED_VARIABLE = YES;
				IPHONEOS_DEPLOYMENT_TARGET = 15.0;
				MTL_ENABLE_DEBUG_INFO = INCLUDE_SOURCE;
				MTL_FAST_MATH = YES;
				ONLY_ACTIVE_ARCH = YES;
				SDKROOT = iphoneos;
				SWIFT_ACTIVE_COMPILATION_CONDITIONS = DEBUG;
				SWIFT_OPTIMIZATION_LEVEL = "-Onone";
			};
			name = Debug;
		};
		A5776BC62663A28800A36BA5 /* Release */ = {
			isa = XCBuildConfiguration;
			buildSettings = {
				ALWAYS_SEARCH_USER_PATHS = NO;
				CLANG_ANALYZER_NONNULL = YES;
				CLANG_ANALYZER_NUMBER_OBJECT_CONVERSION = YES_AGGRESSIVE;
				CLANG_CXX_LANGUAGE_STANDARD = "gnu++14";
				CLANG_CXX_LIBRARY = "libc++";
				CLANG_ENABLE_MODULES = YES;
				CLANG_ENABLE_OBJC_ARC = YES;
				CLANG_ENABLE_OBJC_WEAK = YES;
				CLANG_WARN_BLOCK_CAPTURE_AUTORELEASING = YES;
				CLANG_WARN_BOOL_CONVERSION = YES;
				CLANG_WARN_COMMA = YES;
				CLANG_WARN_CONSTANT_CONVERSION = YES;
				CLANG_WARN_DEPRECATED_OBJC_IMPLEMENTATIONS = YES;
				CLANG_WARN_DIRECT_OBJC_ISA_USAGE = YES_ERROR;
				CLANG_WARN_DOCUMENTATION_COMMENTS = YES;
				CLANG_WARN_EMPTY_BODY = YES;
				CLANG_WARN_ENUM_CONVERSION = YES;
				CLANG_WARN_INFINITE_RECURSION = YES;
				CLANG_WARN_INT_CONVERSION = YES;
				CLANG_WARN_NON_LITERAL_NULL_CONVERSION = YES;
				CLANG_WARN_OBJC_IMPLICIT_RETAIN_SELF = YES;
				CLANG_WARN_OBJC_LITERAL_CONVERSION = YES;
				CLANG_WARN_OBJC_ROOT_CLASS = YES_ERROR;
				CLANG_WARN_QUOTED_INCLUDE_IN_FRAMEWORK_HEADER = YES;
				CLANG_WARN_RANGE_LOOP_ANALYSIS = YES;
				CLANG_WARN_STRICT_PROTOTYPES = YES;
				CLANG_WARN_SUSPICIOUS_MOVE = YES;
				CLANG_WARN_UNGUARDED_AVAILABILITY = YES_AGGRESSIVE;
				CLANG_WARN_UNREACHABLE_CODE = YES;
				CLANG_WARN__DUPLICATE_METHOD_MATCH = YES;
				COPY_PHASE_STRIP = NO;
				DEBUG_INFORMATION_FORMAT = "dwarf-with-dsym";
				ENABLE_NS_ASSERTIONS = NO;
				ENABLE_STRICT_OBJC_MSGSEND = YES;
				GCC_C_LANGUAGE_STANDARD = gnu11;
				GCC_NO_COMMON_BLOCKS = YES;
				GCC_WARN_64_TO_32_BIT_CONVERSION = YES;
				GCC_WARN_ABOUT_RETURN_TYPE = YES_ERROR;
				GCC_WARN_UNDECLARED_SELECTOR = YES;
				GCC_WARN_UNINITIALIZED_AUTOS = YES_AGGRESSIVE;
				GCC_WARN_UNUSED_FUNCTION = YES;
				GCC_WARN_UNUSED_VARIABLE = YES;
				IPHONEOS_DEPLOYMENT_TARGET = 15.0;
				MTL_ENABLE_DEBUG_INFO = NO;
				MTL_FAST_MATH = YES;
				SDKROOT = iphoneos;
				SWIFT_COMPILATION_MODE = wholemodule;
				SWIFT_OPTIMIZATION_LEVEL = "-O";
				VALIDATE_PRODUCT = YES;
			};
			name = Release;
		};
		A5776BC82663A28800A36BA5 /* Debug */ = {
			isa = XCBuildConfiguration;
			baseConfigurationReference = BA3084F6EA55516A4A52FF9C /* Pods-iosBleSdkTestApp.debug.xcconfig */;
			buildSettings = {
				ASSETCATALOG_COMPILER_APPICON_NAME = AppIcon;
				ASSETCATALOG_COMPILER_GLOBAL_ACCENT_COLOR_NAME = AccentColor;
				CODE_SIGN_STYLE = Automatic;
				DEVELOPMENT_ASSET_PATHS = "\"iosBleSdkTestApp/Preview Content\"";
				DEVELOPMENT_TEAM = 48T8QNDCP9;
				ENABLE_PREVIEWS = YES;
				INFOPLIST_FILE = iosBleSdkTestApp/Info.plist;
				IPHONEOS_DEPLOYMENT_TARGET = 15.0;
				LD_RUNPATH_SEARCH_PATHS = (
					"$(inherited)",
					"@executable_path/Frameworks",
				);
				PRODUCT_BUNDLE_IDENTIFIER = com.polar.iosBleSdkExample;
				PRODUCT_NAME = "$(TARGET_NAME)";
				SWIFT_VERSION = 5.0;
				TARGETED_DEVICE_FAMILY = "1,2";
			};
			name = Debug;
		};
		A5776BC92663A28800A36BA5 /* Release */ = {
			isa = XCBuildConfiguration;
			baseConfigurationReference = 9ECABE1D934A051155D213D7 /* Pods-iosBleSdkTestApp.release.xcconfig */;
			buildSettings = {
				ASSETCATALOG_COMPILER_APPICON_NAME = AppIcon;
				ASSETCATALOG_COMPILER_GLOBAL_ACCENT_COLOR_NAME = AccentColor;
				CODE_SIGN_STYLE = Automatic;
				DEVELOPMENT_ASSET_PATHS = "\"iosBleSdkTestApp/Preview Content\"";
				DEVELOPMENT_TEAM = 48T8QNDCP9;
				ENABLE_PREVIEWS = YES;
				INFOPLIST_FILE = iosBleSdkTestApp/Info.plist;
				IPHONEOS_DEPLOYMENT_TARGET = 15.0;
				LD_RUNPATH_SEARCH_PATHS = (
					"$(inherited)",
					"@executable_path/Frameworks",
				);
				PRODUCT_BUNDLE_IDENTIFIER = com.polar.iosBleSdkExample;
				PRODUCT_NAME = "$(TARGET_NAME)";
				SWIFT_VERSION = 5.0;
				TARGETED_DEVICE_FAMILY = "1,2";
			};
			name = Release;
		};
		A5776BCB2663A28800A36BA5 /* Debug */ = {
			isa = XCBuildConfiguration;
			buildSettings = {
				ALWAYS_EMBED_SWIFT_STANDARD_LIBRARIES = YES;
				BUNDLE_LOADER = "$(TEST_HOST)";
				CODE_SIGN_STYLE = Automatic;
				DEVELOPMENT_TEAM = 48T8QNDCP9;
				INFOPLIST_FILE = iosBleSdkTestAppTests/Info.plist;
				IPHONEOS_DEPLOYMENT_TARGET = 15.0;
				LD_RUNPATH_SEARCH_PATHS = (
					"$(inherited)",
					"@executable_path/Frameworks",
					"@loader_path/Frameworks",
				);
				PRODUCT_BUNDLE_IDENTIFIER = com.polar.iosBleSdkExampleTests;
				PRODUCT_NAME = "$(TARGET_NAME)";
				SWIFT_VERSION = 5.0;
				TARGETED_DEVICE_FAMILY = "1,2";
				TEST_HOST = "$(BUILT_PRODUCTS_DIR)/iosBleSdkTestApp.app/iosBleSdkTestApp";
			};
			name = Debug;
		};
		A5776BCC2663A28800A36BA5 /* Release */ = {
			isa = XCBuildConfiguration;
			buildSettings = {
				ALWAYS_EMBED_SWIFT_STANDARD_LIBRARIES = YES;
				BUNDLE_LOADER = "$(TEST_HOST)";
				CODE_SIGN_STYLE = Automatic;
				DEVELOPMENT_TEAM = 48T8QNDCP9;
				INFOPLIST_FILE = iosBleSdkTestAppTests/Info.plist;
				IPHONEOS_DEPLOYMENT_TARGET = 15.0;
				LD_RUNPATH_SEARCH_PATHS = (
					"$(inherited)",
					"@executable_path/Frameworks",
					"@loader_path/Frameworks",
				);
				PRODUCT_BUNDLE_IDENTIFIER = com.polar.iosBleSdkExampleTests;
				PRODUCT_NAME = "$(TARGET_NAME)";
				SWIFT_VERSION = 5.0;
				TARGETED_DEVICE_FAMILY = "1,2";
				TEST_HOST = "$(BUILT_PRODUCTS_DIR)/iosBleSdkTestApp.app/iosBleSdkTestApp";
			};
			name = Release;
		};
		A5776BCE2663A28800A36BA5 /* Debug */ = {
			isa = XCBuildConfiguration;
			buildSettings = {
				ALWAYS_EMBED_SWIFT_STANDARD_LIBRARIES = YES;
				CODE_SIGN_STYLE = Automatic;
				DEVELOPMENT_TEAM = 48T8QNDCP9;
				INFOPLIST_FILE = iosBleSdkTestAppUITests/Info.plist;
				LD_RUNPATH_SEARCH_PATHS = (
					"$(inherited)",
					"@executable_path/Frameworks",
					"@loader_path/Frameworks",
				);
				PRODUCT_BUNDLE_IDENTIFIER = com.polar.iosBleSdkExampleUITests;
				PRODUCT_NAME = "$(TARGET_NAME)";
				SWIFT_VERSION = 5.0;
				TARGETED_DEVICE_FAMILY = "1,2";
				TEST_TARGET_NAME = iosBleSdkTestApp;
			};
			name = Debug;
		};
		A5776BCF2663A28800A36BA5 /* Release */ = {
			isa = XCBuildConfiguration;
			buildSettings = {
				ALWAYS_EMBED_SWIFT_STANDARD_LIBRARIES = YES;
				CODE_SIGN_STYLE = Automatic;
				DEVELOPMENT_TEAM = 48T8QNDCP9;
				INFOPLIST_FILE = iosBleSdkTestAppUITests/Info.plist;
				LD_RUNPATH_SEARCH_PATHS = (
					"$(inherited)",
					"@executable_path/Frameworks",
					"@loader_path/Frameworks",
				);
				PRODUCT_BUNDLE_IDENTIFIER = com.polar.iosBleSdkExampleUITests;
				PRODUCT_NAME = "$(TARGET_NAME)";
				SWIFT_VERSION = 5.0;
				TARGETED_DEVICE_FAMILY = "1,2";
				TEST_TARGET_NAME = iosBleSdkTestApp;
			};
			name = Release;
		};
/* End XCBuildConfiguration section */

/* Begin XCConfigurationList section */
		A5776B9D2663A28700A36BA5 /* Build configuration list for PBXProject "iosBleSdkTestApp" */ = {
			isa = XCConfigurationList;
			buildConfigurations = (
				A5776BC52663A28800A36BA5 /* Debug */,
				A5776BC62663A28800A36BA5 /* Release */,
			);
			defaultConfigurationIsVisible = 0;
			defaultConfigurationName = Release;
		};
		A5776BC72663A28800A36BA5 /* Build configuration list for PBXNativeTarget "iosBleSdkTestApp" */ = {
			isa = XCConfigurationList;
			buildConfigurations = (
				A5776BC82663A28800A36BA5 /* Debug */,
				A5776BC92663A28800A36BA5 /* Release */,
			);
			defaultConfigurationIsVisible = 0;
			defaultConfigurationName = Release;
		};
		A5776BCA2663A28800A36BA5 /* Build configuration list for PBXNativeTarget "iosBleSdkTestAppTests" */ = {
			isa = XCConfigurationList;
			buildConfigurations = (
				A5776BCB2663A28800A36BA5 /* Debug */,
				A5776BCC2663A28800A36BA5 /* Release */,
			);
			defaultConfigurationIsVisible = 0;
			defaultConfigurationName = Release;
		};
		A5776BCD2663A28800A36BA5 /* Build configuration list for PBXNativeTarget "iosBleSdkTestAppUITests" */ = {
			isa = XCConfigurationList;
			buildConfigurations = (
				A5776BCE2663A28800A36BA5 /* Debug */,
				A5776BCF2663A28800A36BA5 /* Release */,
			);
			defaultConfigurationIsVisible = 0;
			defaultConfigurationName = Release;
		};
/* End XCConfigurationList section */
	};
	rootObject = A5776B9A2663A28700A36BA5 /* Project object */;
}
